
Microsoft Visual Studio Solution File, Format Version 12.00
# Visual Studio 15
VisualStudioVersion = 15.0.28307.329
MinimumVisualStudioVersion = 10.0.40219.1
Project("{8BC9CEB8-8B4A-11D0-8D11-00A0C91BC942}") = "reckless", "reckless\reckless.vcxproj", "{2E9EC99E-FB59-42F0-B949-6D10A41916E4}"
EndProject
Project("{8BC9CEB8-8B4A-11D0-8D11-00A0C91BC942}") = "severity_log", "examples\severity_log.vcxproj", "{3BDD683D-3B0B-4335-AF2A-86F203546B7E}"
	ProjectSection(ProjectDependencies) = postProject
		{2E9EC99E-FB59-42F0-B949-6D10A41916E4} = {2E9EC99E-FB59-42F0-B949-6D10A41916E4}
	EndProjectSection
EndProject
Project("{8BC9CEB8-8B4A-11D0-8D11-00A0C91BC942}") = "ucs2_log", "examples\ucs2_log.vcxproj", "{323CC550-DE87-4ABB-ABBF-9567B424012D}"
	ProjectSection(ProjectDependencies) = postProject
		{04471B5D-720A-4502-B17A-7B086E0C746F} = {04471B5D-720A-4502-B17A-7B086E0C746F}
		{2E9EC99E-FB59-42F0-B949-6D10A41916E4} = {2E9EC99E-FB59-42F0-B949-6D10A41916E4}
	EndProjectSection
EndProject
Project("{8BC9CEB8-8B4A-11D0-8D11-00A0C91BC942}") = "custom_formatter", "examples\custom_formatter.vcxproj", "{739D0E22-B02F-476A-8667-432F08AFF809}"
	ProjectSection(ProjectDependencies) = postProject
		{04471B5D-720A-4502-B17A-7B086E0C746F} = {04471B5D-720A-4502-B17A-7B086E0C746F}
		{2E9EC99E-FB59-42F0-B949-6D10A41916E4} = {2E9EC99E-FB59-42F0-B949-6D10A41916E4}
	EndProjectSection
EndProject
Project("{2150E333-8FDC-42A3-9474-1A3956D46DE8}") = "examples", "examples", "{6059234A-DADE-4B5A-8207-C43C557F096B}"
EndProject
Project("{2150E333-8FDC-42A3-9474-1A3956D46DE8}") = "tests", "tests", "{8EE386EA-49AE-4DF1-BD50-6A28ED0FDD56}"
	ProjectSection(SolutionItems) = preProject
		tests\eol.hpp = tests\eol.hpp
		tests\memory_writer.hpp = tests\memory_writer.hpp
		tests\unreliable_writer.hpp = tests\unreliable_writer.hpp
	EndProjectSection
EndProject
Project("{8BC9CEB8-8B4A-11D0-8D11-00A0C91BC942}") = "crash_handler", "tests\crash_handler.vcxproj", "{654EABD2-1CD0-41D5-85B3-2C727770D0FA}"
	ProjectSection(ProjectDependencies) = postProject
		{04471B5D-720A-4502-B17A-7B086E0C746F} = {04471B5D-720A-4502-B17A-7B086E0C746F}
		{2E9EC99E-FB59-42F0-B949-6D10A41916E4} = {2E9EC99E-FB59-42F0-B949-6D10A41916E4}
	EndProjectSection
EndProject
Project("{8BC9CEB8-8B4A-11D0-8D11-00A0C91BC942}") = "error_code", "tests\error_code.vcxproj", "{B270E86E-A503-4159-9620-CF95B0E2C7F4}"
	ProjectSection(ProjectDependencies) = postProject
		{04471B5D-720A-4502-B17A-7B086E0C746F} = {04471B5D-720A-4502-B17A-7B086E0C746F}
		{2E9EC99E-FB59-42F0-B949-6D10A41916E4} = {2E9EC99E-FB59-42F0-B949-6D10A41916E4}
	EndProjectSection
EndProject
Project("{8BC9CEB8-8B4A-11D0-8D11-00A0C91BC942}") = "flush", "tests\flush.vcxproj", "{C02F7537-CB77-4646-94B6-4922E6651CA3}"
	ProjectSection(ProjectDependencies) = postProject
		{2E9EC99E-FB59-42F0-B949-6D10A41916E4} = {2E9EC99E-FB59-42F0-B949-6D10A41916E4}
	EndProjectSection
EndProject
Project("{8BC9CEB8-8B4A-11D0-8D11-00A0C91BC942}") = "format_error", "tests\format_error.vcxproj", "{9DDEFDA0-2BCD-4A45-B3F9-EC067F04590B}"
	ProjectSection(ProjectDependencies) = postProject
		{2E9EC99E-FB59-42F0-B949-6D10A41916E4} = {2E9EC99E-FB59-42F0-B949-6D10A41916E4}
	EndProjectSection
EndProject
Project("{8BC9CEB8-8B4A-11D0-8D11-00A0C91BC942}") = "frame_construction_error", "tests\frame_construction_error.vcxproj", "{6F10F46C-EA37-40F8-815C-DA28B42BEBB9}"
	ProjectSection(ProjectDependencies) = postProject
		{2E9EC99E-FB59-42F0-B949-6D10A41916E4} = {2E9EC99E-FB59-42F0-B949-6D10A41916E4}
	EndProjectSection
EndProject
Project("{8BC9CEB8-8B4A-11D0-8D11-00A0C91BC942}") = "panic_flush", "tests\panic_flush.vcxproj", "{EBB7665E-F056-4C88-BDDD-E9137C873E2E}"
	ProjectSection(ProjectDependencies) = postProject
		{2E9EC99E-FB59-42F0-B949-6D10A41916E4} = {2E9EC99E-FB59-42F0-B949-6D10A41916E4}
	EndProjectSection
EndProject
Project("{8BC9CEB8-8B4A-11D0-8D11-00A0C91BC942}") = "temporary_error", "tests\temporary_error.vcxproj", "{755C00E4-0AA4-4AAE-97E8-562ADF62D365}"
	ProjectSection(ProjectDependencies) = postProject
		{2E9EC99E-FB59-42F0-B949-6D10A41916E4} = {2E9EC99E-FB59-42F0-B949-6D10A41916E4}
	EndProjectSection
EndProject
Project("{8BC9CEB8-8B4A-11D0-8D11-00A0C91BC942}") = "unique_ptr", "tests\unique_ptr.vcxproj", "{660F9398-EEFE-4BE0-B876-45A0CA53F8D7}"
	ProjectSection(ProjectDependencies) = postProject
		{2E9EC99E-FB59-42F0-B949-6D10A41916E4} = {2E9EC99E-FB59-42F0-B949-6D10A41916E4}
	EndProjectSection
EndProject
Project("{2150E333-8FDC-42A3-9474-1A3956D46DE8}") = "benchmarks", "benchmarks", "{F1E6BB64-BB54-4AF1-84FC-C3D20E2C202D}"
EndProject
Project("{8BC9CEB8-8B4A-11D0-8D11-00A0C91BC942}") = "mandelbrot", "benchmarks\mandelbrot.vcxproj", "{60BA1990-CECE-4F52-A3D0-7BBC727B0BE4}"
	ProjectSection(ProjectDependencies) = postProject
		{04471B5D-720A-4502-B17A-7B086E0C746F} = {04471B5D-720A-4502-B17A-7B086E0C746F}
		{2E9EC99E-FB59-42F0-B949-6D10A41916E4} = {2E9EC99E-FB59-42F0-B949-6D10A41916E4}
	EndProjectSection
EndProject
Project("{8BC9CEB8-8B4A-11D0-8D11-00A0C91BC942}") = "call_burst", "benchmarks\call_burst.vcxproj", "{C6F8B8E5-708B-4245-B376-5AFDF2610904}"
	ProjectSection(ProjectDependencies) = postProject
		{04471B5D-720A-4502-B17A-7B086E0C746F} = {04471B5D-720A-4502-B17A-7B086E0C746F}
		{2E9EC99E-FB59-42F0-B949-6D10A41916E4} = {2E9EC99E-FB59-42F0-B949-6D10A41916E4}
	EndProjectSection
EndProject
Project("{8BC9CEB8-8B4A-11D0-8D11-00A0C91BC942}") = "performance_log", "performance_log\performance_log.vcxproj", "{04471B5D-720A-4502-B17A-7B086E0C746F}"
EndProject
Project("{8BC9CEB8-8B4A-11D0-8D11-00A0C91BC942}") = "crash", "examples\crash.vcxproj", "{72E95B9E-5DAF-4484-B399-ADD6DFBA1580}"
	ProjectSection(ProjectDependencies) = postProject
		{04471B5D-720A-4502-B17A-7B086E0C746F} = {04471B5D-720A-4502-B17A-7B086E0C746F}
		{2E9EC99E-FB59-42F0-B949-6D10A41916E4} = {2E9EC99E-FB59-42F0-B949-6D10A41916E4}
	EndProjectSection
EndProject
Global
	GlobalSection(SolutionConfigurationPlatforms) = preSolution
		Debug|x64 = Debug|x64
		Debug|x86 = Debug|x86
		reckless 1 Debug|x64 = reckless 1 Debug|x64
		reckless 1 Debug|x86 = reckless 1 Debug|x86
		reckless 1 Release|x64 = reckless 1 Release|x64
		reckless 1 Release|x86 = reckless 1 Release|x86
		reckless 2 Debug|x64 = reckless 2 Debug|x64
		reckless 2 Debug|x86 = reckless 2 Debug|x86
		reckless 2 Release|x64 = reckless 2 Release|x64
		reckless 2 Release|x86 = reckless 2 Release|x86
		reckless 3 Debug|x64 = reckless 3 Debug|x64
		reckless 3 Debug|x86 = reckless 3 Debug|x86
		reckless 3 Release|x64 = reckless 3 Release|x64
		reckless 3 Release|x86 = reckless 3 Release|x86
		reckless 4 Debug|x64 = reckless 4 Debug|x64
		reckless 4 Debug|x86 = reckless 4 Debug|x86
		reckless 4 Release|x64 = reckless 4 Release|x64
		reckless 4 Release|x86 = reckless 4 Release|x86
		Release|x64 = Release|x64
		Release|x86 = Release|x86
	EndGlobalSection
	GlobalSection(ProjectConfigurationPlatforms) = postSolution
		{2E9EC99E-FB59-42F0-B949-6D10A41916E4}.Debug|x64.ActiveCfg = Debug|x64
		{2E9EC99E-FB59-42F0-B949-6D10A41916E4}.Debug|x64.Build.0 = Debug|x64
		{2E9EC99E-FB59-42F0-B949-6D10A41916E4}.Debug|x86.ActiveCfg = Debug|Win32
		{2E9EC99E-FB59-42F0-B949-6D10A41916E4}.Debug|x86.Build.0 = Debug|Win32
		{2E9EC99E-FB59-42F0-B949-6D10A41916E4}.reckless 1 Debug|x64.ActiveCfg = Debug|x64
		{2E9EC99E-FB59-42F0-B949-6D10A41916E4}.reckless 1 Debug|x64.Build.0 = Debug|x64
		{2E9EC99E-FB59-42F0-B949-6D10A41916E4}.reckless 1 Debug|x86.ActiveCfg = Debug|Win32
		{2E9EC99E-FB59-42F0-B949-6D10A41916E4}.reckless 1 Debug|x86.Build.0 = Debug|Win32
		{2E9EC99E-FB59-42F0-B949-6D10A41916E4}.reckless 1 Release|x64.ActiveCfg = Release|x64
		{2E9EC99E-FB59-42F0-B949-6D10A41916E4}.reckless 1 Release|x64.Build.0 = Release|x64
		{2E9EC99E-FB59-42F0-B949-6D10A41916E4}.reckless 1 Release|x86.ActiveCfg = Release|Win32
		{2E9EC99E-FB59-42F0-B949-6D10A41916E4}.reckless 1 Release|x86.Build.0 = Release|Win32
		{2E9EC99E-FB59-42F0-B949-6D10A41916E4}.reckless 2 Debug|x64.ActiveCfg = Debug|x64
		{2E9EC99E-FB59-42F0-B949-6D10A41916E4}.reckless 2 Debug|x64.Build.0 = Debug|x64
		{2E9EC99E-FB59-42F0-B949-6D10A41916E4}.reckless 2 Debug|x86.ActiveCfg = Debug|Win32
		{2E9EC99E-FB59-42F0-B949-6D10A41916E4}.reckless 2 Debug|x86.Build.0 = Debug|Win32
		{2E9EC99E-FB59-42F0-B949-6D10A41916E4}.reckless 2 Release|x64.ActiveCfg = Release|x64
		{2E9EC99E-FB59-42F0-B949-6D10A41916E4}.reckless 2 Release|x64.Build.0 = Release|x64
		{2E9EC99E-FB59-42F0-B949-6D10A41916E4}.reckless 2 Release|x86.ActiveCfg = Release|Win32
		{2E9EC99E-FB59-42F0-B949-6D10A41916E4}.reckless 2 Release|x86.Build.0 = Release|Win32
		{2E9EC99E-FB59-42F0-B949-6D10A41916E4}.reckless 3 Debug|x64.ActiveCfg = Debug|x64
		{2E9EC99E-FB59-42F0-B949-6D10A41916E4}.reckless 3 Debug|x64.Build.0 = Debug|x64
		{2E9EC99E-FB59-42F0-B949-6D10A41916E4}.reckless 3 Debug|x86.ActiveCfg = Debug|Win32
		{2E9EC99E-FB59-42F0-B949-6D10A41916E4}.reckless 3 Debug|x86.Build.0 = Debug|Win32
		{2E9EC99E-FB59-42F0-B949-6D10A41916E4}.reckless 3 Release|x64.ActiveCfg = Release|x64
		{2E9EC99E-FB59-42F0-B949-6D10A41916E4}.reckless 3 Release|x64.Build.0 = Release|x64
		{2E9EC99E-FB59-42F0-B949-6D10A41916E4}.reckless 3 Release|x86.ActiveCfg = Release|Win32
		{2E9EC99E-FB59-42F0-B949-6D10A41916E4}.reckless 3 Release|x86.Build.0 = Release|Win32
		{2E9EC99E-FB59-42F0-B949-6D10A41916E4}.reckless 4 Debug|x64.ActiveCfg = Debug|x64
		{2E9EC99E-FB59-42F0-B949-6D10A41916E4}.reckless 4 Debug|x64.Build.0 = Debug|x64
		{2E9EC99E-FB59-42F0-B949-6D10A41916E4}.reckless 4 Debug|x86.ActiveCfg = Debug|Win32
		{2E9EC99E-FB59-42F0-B949-6D10A41916E4}.reckless 4 Debug|x86.Build.0 = Debug|Win32
		{2E9EC99E-FB59-42F0-B949-6D10A41916E4}.reckless 4 Release|x64.ActiveCfg = Release|x64
		{2E9EC99E-FB59-42F0-B949-6D10A41916E4}.reckless 4 Release|x64.Build.0 = Release|x64
		{2E9EC99E-FB59-42F0-B949-6D10A41916E4}.reckless 4 Release|x86.ActiveCfg = Release|Win32
		{2E9EC99E-FB59-42F0-B949-6D10A41916E4}.reckless 4 Release|x86.Build.0 = Release|Win32
		{2E9EC99E-FB59-42F0-B949-6D10A41916E4}.Release|x64.ActiveCfg = Release|x64
		{2E9EC99E-FB59-42F0-B949-6D10A41916E4}.Release|x64.Build.0 = Release|x64
		{2E9EC99E-FB59-42F0-B949-6D10A41916E4}.Release|x86.ActiveCfg = Release|Win32
		{2E9EC99E-FB59-42F0-B949-6D10A41916E4}.Release|x86.Build.0 = Release|Win32
		{3BDD683D-3B0B-4335-AF2A-86F203546B7E}.Debug|x64.ActiveCfg = Debug|x64
		{3BDD683D-3B0B-4335-AF2A-86F203546B7E}.Debug|x64.Build.0 = Debug|x64
		{3BDD683D-3B0B-4335-AF2A-86F203546B7E}.Debug|x86.ActiveCfg = Debug|Win32
		{3BDD683D-3B0B-4335-AF2A-86F203546B7E}.Debug|x86.Build.0 = Debug|Win32
		{3BDD683D-3B0B-4335-AF2A-86F203546B7E}.reckless 1 Debug|x64.ActiveCfg = Debug|x64
		{3BDD683D-3B0B-4335-AF2A-86F203546B7E}.reckless 1 Debug|x64.Build.0 = Debug|x64
		{3BDD683D-3B0B-4335-AF2A-86F203546B7E}.reckless 1 Debug|x86.ActiveCfg = Debug|Win32
		{3BDD683D-3B0B-4335-AF2A-86F203546B7E}.reckless 1 Debug|x86.Build.0 = Debug|Win32
		{3BDD683D-3B0B-4335-AF2A-86F203546B7E}.reckless 1 Release|x64.ActiveCfg = Release|x64
		{3BDD683D-3B0B-4335-AF2A-86F203546B7E}.reckless 1 Release|x64.Build.0 = Release|x64
		{3BDD683D-3B0B-4335-AF2A-86F203546B7E}.reckless 1 Release|x86.ActiveCfg = Release|Win32
		{3BDD683D-3B0B-4335-AF2A-86F203546B7E}.reckless 1 Release|x86.Build.0 = Release|Win32
		{3BDD683D-3B0B-4335-AF2A-86F203546B7E}.reckless 2 Debug|x64.ActiveCfg = Debug|x64
		{3BDD683D-3B0B-4335-AF2A-86F203546B7E}.reckless 2 Debug|x64.Build.0 = Debug|x64
		{3BDD683D-3B0B-4335-AF2A-86F203546B7E}.reckless 2 Debug|x86.ActiveCfg = Debug|Win32
		{3BDD683D-3B0B-4335-AF2A-86F203546B7E}.reckless 2 Debug|x86.Build.0 = Debug|Win32
		{3BDD683D-3B0B-4335-AF2A-86F203546B7E}.reckless 2 Release|x64.ActiveCfg = Release|x64
		{3BDD683D-3B0B-4335-AF2A-86F203546B7E}.reckless 2 Release|x64.Build.0 = Release|x64
		{3BDD683D-3B0B-4335-AF2A-86F203546B7E}.reckless 2 Release|x86.ActiveCfg = Release|Win32
		{3BDD683D-3B0B-4335-AF2A-86F203546B7E}.reckless 2 Release|x86.Build.0 = Release|Win32
		{3BDD683D-3B0B-4335-AF2A-86F203546B7E}.reckless 3 Debug|x64.ActiveCfg = Debug|x64
		{3BDD683D-3B0B-4335-AF2A-86F203546B7E}.reckless 3 Debug|x64.Build.0 = Debug|x64
		{3BDD683D-3B0B-4335-AF2A-86F203546B7E}.reckless 3 Debug|x86.ActiveCfg = Debug|Win32
		{3BDD683D-3B0B-4335-AF2A-86F203546B7E}.reckless 3 Debug|x86.Build.0 = Debug|Win32
		{3BDD683D-3B0B-4335-AF2A-86F203546B7E}.reckless 3 Release|x64.ActiveCfg = Release|x64
		{3BDD683D-3B0B-4335-AF2A-86F203546B7E}.reckless 3 Release|x64.Build.0 = Release|x64
		{3BDD683D-3B0B-4335-AF2A-86F203546B7E}.reckless 3 Release|x86.ActiveCfg = Release|Win32
		{3BDD683D-3B0B-4335-AF2A-86F203546B7E}.reckless 3 Release|x86.Build.0 = Release|Win32
		{3BDD683D-3B0B-4335-AF2A-86F203546B7E}.reckless 4 Debug|x64.ActiveCfg = Debug|x64
		{3BDD683D-3B0B-4335-AF2A-86F203546B7E}.reckless 4 Debug|x64.Build.0 = Debug|x64
		{3BDD683D-3B0B-4335-AF2A-86F203546B7E}.reckless 4 Debug|x86.ActiveCfg = Debug|Win32
		{3BDD683D-3B0B-4335-AF2A-86F203546B7E}.reckless 4 Debug|x86.Build.0 = Debug|Win32
		{3BDD683D-3B0B-4335-AF2A-86F203546B7E}.reckless 4 Release|x64.ActiveCfg = Release|x64
		{3BDD683D-3B0B-4335-AF2A-86F203546B7E}.reckless 4 Release|x64.Build.0 = Release|x64
		{3BDD683D-3B0B-4335-AF2A-86F203546B7E}.reckless 4 Release|x86.ActiveCfg = Release|Win32
		{3BDD683D-3B0B-4335-AF2A-86F203546B7E}.reckless 4 Release|x86.Build.0 = Release|Win32
		{3BDD683D-3B0B-4335-AF2A-86F203546B7E}.Release|x64.ActiveCfg = Release|x64
		{3BDD683D-3B0B-4335-AF2A-86F203546B7E}.Release|x64.Build.0 = Release|x64
		{3BDD683D-3B0B-4335-AF2A-86F203546B7E}.Release|x86.ActiveCfg = Release|Win32
		{3BDD683D-3B0B-4335-AF2A-86F203546B7E}.Release|x86.Build.0 = Release|Win32
		{323CC550-DE87-4ABB-ABBF-9567B424012D}.Debug|x64.ActiveCfg = Debug|x64
		{323CC550-DE87-4ABB-ABBF-9567B424012D}.Debug|x64.Build.0 = Debug|x64
		{323CC550-DE87-4ABB-ABBF-9567B424012D}.Debug|x86.ActiveCfg = Debug|Win32
		{323CC550-DE87-4ABB-ABBF-9567B424012D}.Debug|x86.Build.0 = Debug|Win32
		{323CC550-DE87-4ABB-ABBF-9567B424012D}.reckless 1 Debug|x64.ActiveCfg = Debug|x64
		{323CC550-DE87-4ABB-ABBF-9567B424012D}.reckless 1 Debug|x64.Build.0 = Debug|x64
		{323CC550-DE87-4ABB-ABBF-9567B424012D}.reckless 1 Debug|x86.ActiveCfg = Debug|Win32
		{323CC550-DE87-4ABB-ABBF-9567B424012D}.reckless 1 Debug|x86.Build.0 = Debug|Win32
		{323CC550-DE87-4ABB-ABBF-9567B424012D}.reckless 1 Release|x64.ActiveCfg = Release|x64
		{323CC550-DE87-4ABB-ABBF-9567B424012D}.reckless 1 Release|x64.Build.0 = Release|x64
		{323CC550-DE87-4ABB-ABBF-9567B424012D}.reckless 1 Release|x86.ActiveCfg = Release|Win32
		{323CC550-DE87-4ABB-ABBF-9567B424012D}.reckless 1 Release|x86.Build.0 = Release|Win32
		{323CC550-DE87-4ABB-ABBF-9567B424012D}.reckless 2 Debug|x64.ActiveCfg = Debug|x64
		{323CC550-DE87-4ABB-ABBF-9567B424012D}.reckless 2 Debug|x64.Build.0 = Debug|x64
		{323CC550-DE87-4ABB-ABBF-9567B424012D}.reckless 2 Debug|x86.ActiveCfg = Debug|Win32
		{323CC550-DE87-4ABB-ABBF-9567B424012D}.reckless 2 Debug|x86.Build.0 = Debug|Win32
		{323CC550-DE87-4ABB-ABBF-9567B424012D}.reckless 2 Release|x64.ActiveCfg = Release|x64
		{323CC550-DE87-4ABB-ABBF-9567B424012D}.reckless 2 Release|x64.Build.0 = Release|x64
		{323CC550-DE87-4ABB-ABBF-9567B424012D}.reckless 2 Release|x86.ActiveCfg = Release|Win32
		{323CC550-DE87-4ABB-ABBF-9567B424012D}.reckless 2 Release|x86.Build.0 = Release|Win32
		{323CC550-DE87-4ABB-ABBF-9567B424012D}.reckless 3 Debug|x64.ActiveCfg = Debug|x64
		{323CC550-DE87-4ABB-ABBF-9567B424012D}.reckless 3 Debug|x64.Build.0 = Debug|x64
		{323CC550-DE87-4ABB-ABBF-9567B424012D}.reckless 3 Debug|x86.ActiveCfg = Debug|Win32
		{323CC550-DE87-4ABB-ABBF-9567B424012D}.reckless 3 Debug|x86.Build.0 = Debug|Win32
		{323CC550-DE87-4ABB-ABBF-9567B424012D}.reckless 3 Release|x64.ActiveCfg = Release|x64
		{323CC550-DE87-4ABB-ABBF-9567B424012D}.reckless 3 Release|x64.Build.0 = Release|x64
		{323CC550-DE87-4ABB-ABBF-9567B424012D}.reckless 3 Release|x86.ActiveCfg = Release|Win32
		{323CC550-DE87-4ABB-ABBF-9567B424012D}.reckless 3 Release|x86.Build.0 = Release|Win32
		{323CC550-DE87-4ABB-ABBF-9567B424012D}.reckless 4 Debug|x64.ActiveCfg = Debug|x64
		{323CC550-DE87-4ABB-ABBF-9567B424012D}.reckless 4 Debug|x64.Build.0 = Debug|x64
		{323CC550-DE87-4ABB-ABBF-9567B424012D}.reckless 4 Debug|x86.ActiveCfg = Debug|Win32
		{323CC550-DE87-4ABB-ABBF-9567B424012D}.reckless 4 Debug|x86.Build.0 = Debug|Win32
		{323CC550-DE87-4ABB-ABBF-9567B424012D}.reckless 4 Release|x64.ActiveCfg = Release|x64
		{323CC550-DE87-4ABB-ABBF-9567B424012D}.reckless 4 Release|x64.Build.0 = Release|x64
		{323CC550-DE87-4ABB-ABBF-9567B424012D}.reckless 4 Release|x86.ActiveCfg = Release|Win32
		{323CC550-DE87-4ABB-ABBF-9567B424012D}.reckless 4 Release|x86.Build.0 = Release|Win32
		{323CC550-DE87-4ABB-ABBF-9567B424012D}.Release|x64.ActiveCfg = Release|x64
		{323CC550-DE87-4ABB-ABBF-9567B424012D}.Release|x64.Build.0 = Release|x64
		{323CC550-DE87-4ABB-ABBF-9567B424012D}.Release|x86.ActiveCfg = Release|Win32
		{323CC550-DE87-4ABB-ABBF-9567B424012D}.Release|x86.Build.0 = Release|Win32
		{739D0E22-B02F-476A-8667-432F08AFF809}.Debug|x64.ActiveCfg = Debug|x64
		{739D0E22-B02F-476A-8667-432F08AFF809}.Debug|x64.Build.0 = Debug|x64
		{739D0E22-B02F-476A-8667-432F08AFF809}.Debug|x86.ActiveCfg = Debug|Win32
		{739D0E22-B02F-476A-8667-432F08AFF809}.Debug|x86.Build.0 = Debug|Win32
		{739D0E22-B02F-476A-8667-432F08AFF809}.reckless 1 Debug|x64.ActiveCfg = Debug|x64
		{739D0E22-B02F-476A-8667-432F08AFF809}.reckless 1 Debug|x64.Build.0 = Debug|x64
		{739D0E22-B02F-476A-8667-432F08AFF809}.reckless 1 Debug|x86.ActiveCfg = Debug|Win32
		{739D0E22-B02F-476A-8667-432F08AFF809}.reckless 1 Debug|x86.Build.0 = Debug|Win32
		{739D0E22-B02F-476A-8667-432F08AFF809}.reckless 1 Release|x64.ActiveCfg = Release|x64
		{739D0E22-B02F-476A-8667-432F08AFF809}.reckless 1 Release|x64.Build.0 = Release|x64
		{739D0E22-B02F-476A-8667-432F08AFF809}.reckless 1 Release|x86.ActiveCfg = Release|Win32
		{739D0E22-B02F-476A-8667-432F08AFF809}.reckless 1 Release|x86.Build.0 = Release|Win32
		{739D0E22-B02F-476A-8667-432F08AFF809}.reckless 2 Debug|x64.ActiveCfg = Debug|x64
		{739D0E22-B02F-476A-8667-432F08AFF809}.reckless 2 Debug|x64.Build.0 = Debug|x64
		{739D0E22-B02F-476A-8667-432F08AFF809}.reckless 2 Debug|x86.ActiveCfg = Debug|Win32
		{739D0E22-B02F-476A-8667-432F08AFF809}.reckless 2 Debug|x86.Build.0 = Debug|Win32
		{739D0E22-B02F-476A-8667-432F08AFF809}.reckless 2 Release|x64.ActiveCfg = Release|x64
		{739D0E22-B02F-476A-8667-432F08AFF809}.reckless 2 Release|x64.Build.0 = Release|x64
		{739D0E22-B02F-476A-8667-432F08AFF809}.reckless 2 Release|x86.ActiveCfg = Release|Win32
		{739D0E22-B02F-476A-8667-432F08AFF809}.reckless 2 Release|x86.Build.0 = Release|Win32
		{739D0E22-B02F-476A-8667-432F08AFF809}.reckless 3 Debug|x64.ActiveCfg = Debug|x64
		{739D0E22-B02F-476A-8667-432F08AFF809}.reckless 3 Debug|x64.Build.0 = Debug|x64
		{739D0E22-B02F-476A-8667-432F08AFF809}.reckless 3 Debug|x86.ActiveCfg = Debug|Win32
		{739D0E22-B02F-476A-8667-432F08AFF809}.reckless 3 Debug|x86.Build.0 = Debug|Win32
		{739D0E22-B02F-476A-8667-432F08AFF809}.reckless 3 Release|x64.ActiveCfg = Release|x64
		{739D0E22-B02F-476A-8667-432F08AFF809}.reckless 3 Release|x64.Build.0 = Release|x64
		{739D0E22-B02F-476A-8667-432F08AFF809}.reckless 3 Release|x86.ActiveCfg = Release|Win32
		{739D0E22-B02F-476A-8667-432F08AFF809}.reckless 3 Release|x86.Build.0 = Release|Win32
		{739D0E22-B02F-476A-8667-432F08AFF809}.reckless 4 Debug|x64.ActiveCfg = Debug|x64
		{739D0E22-B02F-476A-8667-432F08AFF809}.reckless 4 Debug|x64.Build.0 = Debug|x64
		{739D0E22-B02F-476A-8667-432F08AFF809}.reckless 4 Debug|x86.ActiveCfg = Debug|Win32
		{739D0E22-B02F-476A-8667-432F08AFF809}.reckless 4 Debug|x86.Build.0 = Debug|Win32
		{739D0E22-B02F-476A-8667-432F08AFF809}.reckless 4 Release|x64.ActiveCfg = Release|x64
		{739D0E22-B02F-476A-8667-432F08AFF809}.reckless 4 Release|x64.Build.0 = Release|x64
		{739D0E22-B02F-476A-8667-432F08AFF809}.reckless 4 Release|x86.ActiveCfg = Release|Win32
		{739D0E22-B02F-476A-8667-432F08AFF809}.reckless 4 Release|x86.Build.0 = Release|Win32
		{739D0E22-B02F-476A-8667-432F08AFF809}.Release|x64.ActiveCfg = Release|x64
		{739D0E22-B02F-476A-8667-432F08AFF809}.Release|x64.Build.0 = Release|x64
		{739D0E22-B02F-476A-8667-432F08AFF809}.Release|x86.ActiveCfg = Release|Win32
		{739D0E22-B02F-476A-8667-432F08AFF809}.Release|x86.Build.0 = Release|Win32
		{654EABD2-1CD0-41D5-85B3-2C727770D0FA}.Debug|x64.ActiveCfg = Debug|x64
		{654EABD2-1CD0-41D5-85B3-2C727770D0FA}.Debug|x64.Build.0 = Debug|x64
		{654EABD2-1CD0-41D5-85B3-2C727770D0FA}.Debug|x86.ActiveCfg = Debug|Win32
		{654EABD2-1CD0-41D5-85B3-2C727770D0FA}.Debug|x86.Build.0 = Debug|Win32
		{654EABD2-1CD0-41D5-85B3-2C727770D0FA}.reckless 1 Debug|x64.ActiveCfg = Debug|x64
		{654EABD2-1CD0-41D5-85B3-2C727770D0FA}.reckless 1 Debug|x64.Build.0 = Debug|x64
		{654EABD2-1CD0-41D5-85B3-2C727770D0FA}.reckless 1 Debug|x86.ActiveCfg = Debug|Win32
		{654EABD2-1CD0-41D5-85B3-2C727770D0FA}.reckless 1 Debug|x86.Build.0 = Debug|Win32
		{654EABD2-1CD0-41D5-85B3-2C727770D0FA}.reckless 1 Release|x64.ActiveCfg = Release|x64
		{654EABD2-1CD0-41D5-85B3-2C727770D0FA}.reckless 1 Release|x64.Build.0 = Release|x64
		{654EABD2-1CD0-41D5-85B3-2C727770D0FA}.reckless 1 Release|x86.ActiveCfg = Release|Win32
		{654EABD2-1CD0-41D5-85B3-2C727770D0FA}.reckless 1 Release|x86.Build.0 = Release|Win32
		{654EABD2-1CD0-41D5-85B3-2C727770D0FA}.reckless 2 Debug|x64.ActiveCfg = Debug|x64
		{654EABD2-1CD0-41D5-85B3-2C727770D0FA}.reckless 2 Debug|x64.Build.0 = Debug|x64
		{654EABD2-1CD0-41D5-85B3-2C727770D0FA}.reckless 2 Debug|x86.ActiveCfg = Debug|Win32
		{654EABD2-1CD0-41D5-85B3-2C727770D0FA}.reckless 2 Debug|x86.Build.0 = Debug|Win32
		{654EABD2-1CD0-41D5-85B3-2C727770D0FA}.reckless 2 Release|x64.ActiveCfg = Release|x64
		{654EABD2-1CD0-41D5-85B3-2C727770D0FA}.reckless 2 Release|x64.Build.0 = Release|x64
		{654EABD2-1CD0-41D5-85B3-2C727770D0FA}.reckless 2 Release|x86.ActiveCfg = Release|Win32
		{654EABD2-1CD0-41D5-85B3-2C727770D0FA}.reckless 2 Release|x86.Build.0 = Release|Win32
		{654EABD2-1CD0-41D5-85B3-2C727770D0FA}.reckless 3 Debug|x64.ActiveCfg = Debug|x64
		{654EABD2-1CD0-41D5-85B3-2C727770D0FA}.reckless 3 Debug|x64.Build.0 = Debug|x64
		{654EABD2-1CD0-41D5-85B3-2C727770D0FA}.reckless 3 Debug|x86.ActiveCfg = Debug|Win32
		{654EABD2-1CD0-41D5-85B3-2C727770D0FA}.reckless 3 Debug|x86.Build.0 = Debug|Win32
		{654EABD2-1CD0-41D5-85B3-2C727770D0FA}.reckless 3 Release|x64.ActiveCfg = Release|x64
		{654EABD2-1CD0-41D5-85B3-2C727770D0FA}.reckless 3 Release|x64.Build.0 = Release|x64
		{654EABD2-1CD0-41D5-85B3-2C727770D0FA}.reckless 3 Release|x86.ActiveCfg = Release|Win32
		{654EABD2-1CD0-41D5-85B3-2C727770D0FA}.reckless 3 Release|x86.Build.0 = Release|Win32
		{654EABD2-1CD0-41D5-85B3-2C727770D0FA}.reckless 4 Debug|x64.ActiveCfg = Debug|x64
		{654EABD2-1CD0-41D5-85B3-2C727770D0FA}.reckless 4 Debug|x64.Build.0 = Debug|x64
		{654EABD2-1CD0-41D5-85B3-2C727770D0FA}.reckless 4 Debug|x86.ActiveCfg = Debug|Win32
		{654EABD2-1CD0-41D5-85B3-2C727770D0FA}.reckless 4 Debug|x86.Build.0 = Debug|Win32
		{654EABD2-1CD0-41D5-85B3-2C727770D0FA}.reckless 4 Release|x64.ActiveCfg = Release|x64
		{654EABD2-1CD0-41D5-85B3-2C727770D0FA}.reckless 4 Release|x64.Build.0 = Release|x64
		{654EABD2-1CD0-41D5-85B3-2C727770D0FA}.reckless 4 Release|x86.ActiveCfg = Release|Win32
		{654EABD2-1CD0-41D5-85B3-2C727770D0FA}.reckless 4 Release|x86.Build.0 = Release|Win32
		{654EABD2-1CD0-41D5-85B3-2C727770D0FA}.Release|x64.ActiveCfg = Release|x64
		{654EABD2-1CD0-41D5-85B3-2C727770D0FA}.Release|x64.Build.0 = Release|x64
		{654EABD2-1CD0-41D5-85B3-2C727770D0FA}.Release|x86.ActiveCfg = Release|Win32
		{654EABD2-1CD0-41D5-85B3-2C727770D0FA}.Release|x86.Build.0 = Release|Win32
		{B270E86E-A503-4159-9620-CF95B0E2C7F4}.Debug|x64.ActiveCfg = Debug|x64
		{B270E86E-A503-4159-9620-CF95B0E2C7F4}.Debug|x64.Build.0 = Debug|x64
		{B270E86E-A503-4159-9620-CF95B0E2C7F4}.Debug|x86.ActiveCfg = Debug|Win32
		{B270E86E-A503-4159-9620-CF95B0E2C7F4}.Debug|x86.Build.0 = Debug|Win32
		{B270E86E-A503-4159-9620-CF95B0E2C7F4}.reckless 1 Debug|x64.ActiveCfg = Debug|x64
		{B270E86E-A503-4159-9620-CF95B0E2C7F4}.reckless 1 Debug|x64.Build.0 = Debug|x64
		{B270E86E-A503-4159-9620-CF95B0E2C7F4}.reckless 1 Debug|x86.ActiveCfg = Debug|Win32
		{B270E86E-A503-4159-9620-CF95B0E2C7F4}.reckless 1 Debug|x86.Build.0 = Debug|Win32
		{B270E86E-A503-4159-9620-CF95B0E2C7F4}.reckless 1 Release|x64.ActiveCfg = Release|x64
		{B270E86E-A503-4159-9620-CF95B0E2C7F4}.reckless 1 Release|x64.Build.0 = Release|x64
		{B270E86E-A503-4159-9620-CF95B0E2C7F4}.reckless 1 Release|x86.ActiveCfg = Release|Win32
		{B270E86E-A503-4159-9620-CF95B0E2C7F4}.reckless 1 Release|x86.Build.0 = Release|Win32
		{B270E86E-A503-4159-9620-CF95B0E2C7F4}.reckless 2 Debug|x64.ActiveCfg = Debug|x64
		{B270E86E-A503-4159-9620-CF95B0E2C7F4}.reckless 2 Debug|x64.Build.0 = Debug|x64
		{B270E86E-A503-4159-9620-CF95B0E2C7F4}.reckless 2 Debug|x86.ActiveCfg = Debug|Win32
		{B270E86E-A503-4159-9620-CF95B0E2C7F4}.reckless 2 Debug|x86.Build.0 = Debug|Win32
		{B270E86E-A503-4159-9620-CF95B0E2C7F4}.reckless 2 Release|x64.ActiveCfg = Release|x64
		{B270E86E-A503-4159-9620-CF95B0E2C7F4}.reckless 2 Release|x64.Build.0 = Release|x64
		{B270E86E-A503-4159-9620-CF95B0E2C7F4}.reckless 2 Release|x86.ActiveCfg = Release|Win32
		{B270E86E-A503-4159-9620-CF95B0E2C7F4}.reckless 2 Release|x86.Build.0 = Release|Win32
		{B270E86E-A503-4159-9620-CF95B0E2C7F4}.reckless 3 Debug|x64.ActiveCfg = Debug|x64
		{B270E86E-A503-4159-9620-CF95B0E2C7F4}.reckless 3 Debug|x64.Build.0 = Debug|x64
		{B270E86E-A503-4159-9620-CF95B0E2C7F4}.reckless 3 Debug|x86.ActiveCfg = Debug|Win32
		{B270E86E-A503-4159-9620-CF95B0E2C7F4}.reckless 3 Debug|x86.Build.0 = Debug|Win32
		{B270E86E-A503-4159-9620-CF95B0E2C7F4}.reckless 3 Release|x64.ActiveCfg = Release|x64
		{B270E86E-A503-4159-9620-CF95B0E2C7F4}.reckless 3 Release|x64.Build.0 = Release|x64
		{B270E86E-A503-4159-9620-CF95B0E2C7F4}.reckless 3 Release|x86.ActiveCfg = Release|Win32
		{B270E86E-A503-4159-9620-CF95B0E2C7F4}.reckless 3 Release|x86.Build.0 = Release|Win32
		{B270E86E-A503-4159-9620-CF95B0E2C7F4}.reckless 4 Debug|x64.ActiveCfg = Debug|x64
		{B270E86E-A503-4159-9620-CF95B0E2C7F4}.reckless 4 Debug|x64.Build.0 = Debug|x64
		{B270E86E-A503-4159-9620-CF95B0E2C7F4}.reckless 4 Debug|x86.ActiveCfg = Debug|Win32
		{B270E86E-A503-4159-9620-CF95B0E2C7F4}.reckless 4 Debug|x86.Build.0 = Debug|Win32
		{B270E86E-A503-4159-9620-CF95B0E2C7F4}.reckless 4 Release|x64.ActiveCfg = Release|x64
		{B270E86E-A503-4159-9620-CF95B0E2C7F4}.reckless 4 Release|x64.Build.0 = Release|x64
		{B270E86E-A503-4159-9620-CF95B0E2C7F4}.reckless 4 Release|x86.ActiveCfg = Release|Win32
		{B270E86E-A503-4159-9620-CF95B0E2C7F4}.reckless 4 Release|x86.Build.0 = Release|Win32
		{B270E86E-A503-4159-9620-CF95B0E2C7F4}.Release|x64.ActiveCfg = Release|x64
		{B270E86E-A503-4159-9620-CF95B0E2C7F4}.Release|x64.Build.0 = Release|x64
		{B270E86E-A503-4159-9620-CF95B0E2C7F4}.Release|x86.ActiveCfg = Release|Win32
		{B270E86E-A503-4159-9620-CF95B0E2C7F4}.Release|x86.Build.0 = Release|Win32
		{C02F7537-CB77-4646-94B6-4922E6651CA3}.Debug|x64.ActiveCfg = Debug|x64
		{C02F7537-CB77-4646-94B6-4922E6651CA3}.Debug|x64.Build.0 = Debug|x64
		{C02F7537-CB77-4646-94B6-4922E6651CA3}.Debug|x86.ActiveCfg = Debug|Win32
		{C02F7537-CB77-4646-94B6-4922E6651CA3}.Debug|x86.Build.0 = Debug|Win32
		{C02F7537-CB77-4646-94B6-4922E6651CA3}.reckless 1 Debug|x64.ActiveCfg = Debug|x64
		{C02F7537-CB77-4646-94B6-4922E6651CA3}.reckless 1 Debug|x64.Build.0 = Debug|x64
		{C02F7537-CB77-4646-94B6-4922E6651CA3}.reckless 1 Debug|x86.ActiveCfg = Debug|Win32
		{C02F7537-CB77-4646-94B6-4922E6651CA3}.reckless 1 Debug|x86.Build.0 = Debug|Win32
		{C02F7537-CB77-4646-94B6-4922E6651CA3}.reckless 1 Release|x64.ActiveCfg = Release|x64
		{C02F7537-CB77-4646-94B6-4922E6651CA3}.reckless 1 Release|x64.Build.0 = Release|x64
		{C02F7537-CB77-4646-94B6-4922E6651CA3}.reckless 1 Release|x86.ActiveCfg = Release|Win32
		{C02F7537-CB77-4646-94B6-4922E6651CA3}.reckless 1 Release|x86.Build.0 = Release|Win32
		{C02F7537-CB77-4646-94B6-4922E6651CA3}.reckless 2 Debug|x64.ActiveCfg = Debug|x64
		{C02F7537-CB77-4646-94B6-4922E6651CA3}.reckless 2 Debug|x64.Build.0 = Debug|x64
		{C02F7537-CB77-4646-94B6-4922E6651CA3}.reckless 2 Debug|x86.ActiveCfg = Debug|Win32
		{C02F7537-CB77-4646-94B6-4922E6651CA3}.reckless 2 Debug|x86.Build.0 = Debug|Win32
		{C02F7537-CB77-4646-94B6-4922E6651CA3}.reckless 2 Release|x64.ActiveCfg = Release|x64
		{C02F7537-CB77-4646-94B6-4922E6651CA3}.reckless 2 Release|x64.Build.0 = Release|x64
		{C02F7537-CB77-4646-94B6-4922E6651CA3}.reckless 2 Release|x86.ActiveCfg = Release|Win32
		{C02F7537-CB77-4646-94B6-4922E6651CA3}.reckless 2 Release|x86.Build.0 = Release|Win32
		{C02F7537-CB77-4646-94B6-4922E6651CA3}.reckless 3 Debug|x64.ActiveCfg = Debug|x64
		{C02F7537-CB77-4646-94B6-4922E6651CA3}.reckless 3 Debug|x64.Build.0 = Debug|x64
		{C02F7537-CB77-4646-94B6-4922E6651CA3}.reckless 3 Debug|x86.ActiveCfg = Debug|Win32
		{C02F7537-CB77-4646-94B6-4922E6651CA3}.reckless 3 Debug|x86.Build.0 = Debug|Win32
		{C02F7537-CB77-4646-94B6-4922E6651CA3}.reckless 3 Release|x64.ActiveCfg = Release|x64
		{C02F7537-CB77-4646-94B6-4922E6651CA3}.reckless 3 Release|x64.Build.0 = Release|x64
		{C02F7537-CB77-4646-94B6-4922E6651CA3}.reckless 3 Release|x86.ActiveCfg = Release|Win32
		{C02F7537-CB77-4646-94B6-4922E6651CA3}.reckless 3 Release|x86.Build.0 = Release|Win32
		{C02F7537-CB77-4646-94B6-4922E6651CA3}.reckless 4 Debug|x64.ActiveCfg = Debug|x64
		{C02F7537-CB77-4646-94B6-4922E6651CA3}.reckless 4 Debug|x64.Build.0 = Debug|x64
		{C02F7537-CB77-4646-94B6-4922E6651CA3}.reckless 4 Debug|x86.ActiveCfg = Debug|Win32
		{C02F7537-CB77-4646-94B6-4922E6651CA3}.reckless 4 Debug|x86.Build.0 = Debug|Win32
		{C02F7537-CB77-4646-94B6-4922E6651CA3}.reckless 4 Release|x64.ActiveCfg = Release|x64
		{C02F7537-CB77-4646-94B6-4922E6651CA3}.reckless 4 Release|x64.Build.0 = Release|x64
		{C02F7537-CB77-4646-94B6-4922E6651CA3}.reckless 4 Release|x86.ActiveCfg = Release|Win32
		{C02F7537-CB77-4646-94B6-4922E6651CA3}.reckless 4 Release|x86.Build.0 = Release|Win32
		{C02F7537-CB77-4646-94B6-4922E6651CA3}.Release|x64.ActiveCfg = Release|x64
		{C02F7537-CB77-4646-94B6-4922E6651CA3}.Release|x64.Build.0 = Release|x64
		{C02F7537-CB77-4646-94B6-4922E6651CA3}.Release|x86.ActiveCfg = Release|Win32
		{C02F7537-CB77-4646-94B6-4922E6651CA3}.Release|x86.Build.0 = Release|Win32
		{9DDEFDA0-2BCD-4A45-B3F9-EC067F04590B}.Debug|x64.ActiveCfg = Debug|x64
		{9DDEFDA0-2BCD-4A45-B3F9-EC067F04590B}.Debug|x64.Build.0 = Debug|x64
		{9DDEFDA0-2BCD-4A45-B3F9-EC067F04590B}.Debug|x86.ActiveCfg = Debug|Win32
		{9DDEFDA0-2BCD-4A45-B3F9-EC067F04590B}.Debug|x86.Build.0 = Debug|Win32
		{9DDEFDA0-2BCD-4A45-B3F9-EC067F04590B}.reckless 1 Debug|x64.ActiveCfg = Debug|x64
		{9DDEFDA0-2BCD-4A45-B3F9-EC067F04590B}.reckless 1 Debug|x64.Build.0 = Debug|x64
		{9DDEFDA0-2BCD-4A45-B3F9-EC067F04590B}.reckless 1 Debug|x86.ActiveCfg = Debug|Win32
		{9DDEFDA0-2BCD-4A45-B3F9-EC067F04590B}.reckless 1 Debug|x86.Build.0 = Debug|Win32
		{9DDEFDA0-2BCD-4A45-B3F9-EC067F04590B}.reckless 1 Release|x64.ActiveCfg = Release|x64
		{9DDEFDA0-2BCD-4A45-B3F9-EC067F04590B}.reckless 1 Release|x64.Build.0 = Release|x64
		{9DDEFDA0-2BCD-4A45-B3F9-EC067F04590B}.reckless 1 Release|x86.ActiveCfg = Release|Win32
		{9DDEFDA0-2BCD-4A45-B3F9-EC067F04590B}.reckless 1 Release|x86.Build.0 = Release|Win32
		{9DDEFDA0-2BCD-4A45-B3F9-EC067F04590B}.reckless 2 Debug|x64.ActiveCfg = Debug|x64
		{9DDEFDA0-2BCD-4A45-B3F9-EC067F04590B}.reckless 2 Debug|x64.Build.0 = Debug|x64
		{9DDEFDA0-2BCD-4A45-B3F9-EC067F04590B}.reckless 2 Debug|x86.ActiveCfg = Debug|Win32
		{9DDEFDA0-2BCD-4A45-B3F9-EC067F04590B}.reckless 2 Debug|x86.Build.0 = Debug|Win32
		{9DDEFDA0-2BCD-4A45-B3F9-EC067F04590B}.reckless 2 Release|x64.ActiveCfg = Release|x64
		{9DDEFDA0-2BCD-4A45-B3F9-EC067F04590B}.reckless 2 Release|x64.Build.0 = Release|x64
		{9DDEFDA0-2BCD-4A45-B3F9-EC067F04590B}.reckless 2 Release|x86.ActiveCfg = Release|Win32
		{9DDEFDA0-2BCD-4A45-B3F9-EC067F04590B}.reckless 2 Release|x86.Build.0 = Release|Win32
		{9DDEFDA0-2BCD-4A45-B3F9-EC067F04590B}.reckless 3 Debug|x64.ActiveCfg = Debug|x64
		{9DDEFDA0-2BCD-4A45-B3F9-EC067F04590B}.reckless 3 Debug|x64.Build.0 = Debug|x64
		{9DDEFDA0-2BCD-4A45-B3F9-EC067F04590B}.reckless 3 Debug|x86.ActiveCfg = Debug|Win32
		{9DDEFDA0-2BCD-4A45-B3F9-EC067F04590B}.reckless 3 Debug|x86.Build.0 = Debug|Win32
		{9DDEFDA0-2BCD-4A45-B3F9-EC067F04590B}.reckless 3 Release|x64.ActiveCfg = Release|x64
		{9DDEFDA0-2BCD-4A45-B3F9-EC067F04590B}.reckless 3 Release|x64.Build.0 = Release|x64
		{9DDEFDA0-2BCD-4A45-B3F9-EC067F04590B}.reckless 3 Release|x86.ActiveCfg = Release|Win32
		{9DDEFDA0-2BCD-4A45-B3F9-EC067F04590B}.reckless 3 Release|x86.Build.0 = Release|Win32
		{9DDEFDA0-2BCD-4A45-B3F9-EC067F04590B}.reckless 4 Debug|x64.ActiveCfg = Debug|x64
		{9DDEFDA0-2BCD-4A45-B3F9-EC067F04590B}.reckless 4 Debug|x64.Build.0 = Debug|x64
		{9DDEFDA0-2BCD-4A45-B3F9-EC067F04590B}.reckless 4 Debug|x86.ActiveCfg = Debug|Win32
		{9DDEFDA0-2BCD-4A45-B3F9-EC067F04590B}.reckless 4 Debug|x86.Build.0 = Debug|Win32
		{9DDEFDA0-2BCD-4A45-B3F9-EC067F04590B}.reckless 4 Release|x64.ActiveCfg = Release|x64
		{9DDEFDA0-2BCD-4A45-B3F9-EC067F04590B}.reckless 4 Release|x64.Build.0 = Release|x64
		{9DDEFDA0-2BCD-4A45-B3F9-EC067F04590B}.reckless 4 Release|x86.ActiveCfg = Release|Win32
		{9DDEFDA0-2BCD-4A45-B3F9-EC067F04590B}.reckless 4 Release|x86.Build.0 = Release|Win32
		{9DDEFDA0-2BCD-4A45-B3F9-EC067F04590B}.Release|x64.ActiveCfg = Release|x64
		{9DDEFDA0-2BCD-4A45-B3F9-EC067F04590B}.Release|x64.Build.0 = Release|x64
		{9DDEFDA0-2BCD-4A45-B3F9-EC067F04590B}.Release|x86.ActiveCfg = Release|Win32
		{9DDEFDA0-2BCD-4A45-B3F9-EC067F04590B}.Release|x86.Build.0 = Release|Win32
		{6F10F46C-EA37-40F8-815C-DA28B42BEBB9}.Debug|x64.ActiveCfg = Debug|x64
		{6F10F46C-EA37-40F8-815C-DA28B42BEBB9}.Debug|x64.Build.0 = Debug|x64
		{6F10F46C-EA37-40F8-815C-DA28B42BEBB9}.Debug|x86.ActiveCfg = Debug|Win32
		{6F10F46C-EA37-40F8-815C-DA28B42BEBB9}.Debug|x86.Build.0 = Debug|Win32
		{6F10F46C-EA37-40F8-815C-DA28B42BEBB9}.reckless 1 Debug|x64.ActiveCfg = Debug|x64
		{6F10F46C-EA37-40F8-815C-DA28B42BEBB9}.reckless 1 Debug|x64.Build.0 = Debug|x64
		{6F10F46C-EA37-40F8-815C-DA28B42BEBB9}.reckless 1 Debug|x86.ActiveCfg = Debug|Win32
		{6F10F46C-EA37-40F8-815C-DA28B42BEBB9}.reckless 1 Debug|x86.Build.0 = Debug|Win32
		{6F10F46C-EA37-40F8-815C-DA28B42BEBB9}.reckless 1 Release|x64.ActiveCfg = Release|x64
		{6F10F46C-EA37-40F8-815C-DA28B42BEBB9}.reckless 1 Release|x64.Build.0 = Release|x64
		{6F10F46C-EA37-40F8-815C-DA28B42BEBB9}.reckless 1 Release|x86.ActiveCfg = Release|Win32
		{6F10F46C-EA37-40F8-815C-DA28B42BEBB9}.reckless 1 Release|x86.Build.0 = Release|Win32
		{6F10F46C-EA37-40F8-815C-DA28B42BEBB9}.reckless 2 Debug|x64.ActiveCfg = Debug|x64
		{6F10F46C-EA37-40F8-815C-DA28B42BEBB9}.reckless 2 Debug|x64.Build.0 = Debug|x64
		{6F10F46C-EA37-40F8-815C-DA28B42BEBB9}.reckless 2 Debug|x86.ActiveCfg = Debug|Win32
		{6F10F46C-EA37-40F8-815C-DA28B42BEBB9}.reckless 2 Debug|x86.Build.0 = Debug|Win32
		{6F10F46C-EA37-40F8-815C-DA28B42BEBB9}.reckless 2 Release|x64.ActiveCfg = Release|x64
		{6F10F46C-EA37-40F8-815C-DA28B42BEBB9}.reckless 2 Release|x64.Build.0 = Release|x64
		{6F10F46C-EA37-40F8-815C-DA28B42BEBB9}.reckless 2 Release|x86.ActiveCfg = Release|Win32
		{6F10F46C-EA37-40F8-815C-DA28B42BEBB9}.reckless 2 Release|x86.Build.0 = Release|Win32
		{6F10F46C-EA37-40F8-815C-DA28B42BEBB9}.reckless 3 Debug|x64.ActiveCfg = Debug|x64
		{6F10F46C-EA37-40F8-815C-DA28B42BEBB9}.reckless 3 Debug|x64.Build.0 = Debug|x64
		{6F10F46C-EA37-40F8-815C-DA28B42BEBB9}.reckless 3 Debug|x86.ActiveCfg = Debug|Win32
		{6F10F46C-EA37-40F8-815C-DA28B42BEBB9}.reckless 3 Debug|x86.Build.0 = Debug|Win32
		{6F10F46C-EA37-40F8-815C-DA28B42BEBB9}.reckless 3 Release|x64.ActiveCfg = Release|x64
		{6F10F46C-EA37-40F8-815C-DA28B42BEBB9}.reckless 3 Release|x64.Build.0 = Release|x64
		{6F10F46C-EA37-40F8-815C-DA28B42BEBB9}.reckless 3 Release|x86.ActiveCfg = Release|Win32
		{6F10F46C-EA37-40F8-815C-DA28B42BEBB9}.reckless 3 Release|x86.Build.0 = Release|Win32
		{6F10F46C-EA37-40F8-815C-DA28B42BEBB9}.reckless 4 Debug|x64.ActiveCfg = Debug|x64
		{6F10F46C-EA37-40F8-815C-DA28B42BEBB9}.reckless 4 Debug|x64.Build.0 = Debug|x64
		{6F10F46C-EA37-40F8-815C-DA28B42BEBB9}.reckless 4 Debug|x86.ActiveCfg = Debug|Win32
		{6F10F46C-EA37-40F8-815C-DA28B42BEBB9}.reckless 4 Debug|x86.Build.0 = Debug|Win32
		{6F10F46C-EA37-40F8-815C-DA28B42BEBB9}.reckless 4 Release|x64.ActiveCfg = Release|x64
		{6F10F46C-EA37-40F8-815C-DA28B42BEBB9}.reckless 4 Release|x64.Build.0 = Release|x64
		{6F10F46C-EA37-40F8-815C-DA28B42BEBB9}.reckless 4 Release|x86.ActiveCfg = Release|Win32
		{6F10F46C-EA37-40F8-815C-DA28B42BEBB9}.reckless 4 Release|x86.Build.0 = Release|Win32
		{6F10F46C-EA37-40F8-815C-DA28B42BEBB9}.Release|x64.ActiveCfg = Release|x64
		{6F10F46C-EA37-40F8-815C-DA28B42BEBB9}.Release|x64.Build.0 = Release|x64
		{6F10F46C-EA37-40F8-815C-DA28B42BEBB9}.Release|x86.ActiveCfg = Release|Win32
		{6F10F46C-EA37-40F8-815C-DA28B42BEBB9}.Release|x86.Build.0 = Release|Win32
		{EBB7665E-F056-4C88-BDDD-E9137C873E2E}.Debug|x64.ActiveCfg = Debug|x64
		{EBB7665E-F056-4C88-BDDD-E9137C873E2E}.Debug|x64.Build.0 = Debug|x64
		{EBB7665E-F056-4C88-BDDD-E9137C873E2E}.Debug|x86.ActiveCfg = Debug|Win32
		{EBB7665E-F056-4C88-BDDD-E9137C873E2E}.Debug|x86.Build.0 = Debug|Win32
		{EBB7665E-F056-4C88-BDDD-E9137C873E2E}.reckless 1 Debug|x64.ActiveCfg = Debug|x64
		{EBB7665E-F056-4C88-BDDD-E9137C873E2E}.reckless 1 Debug|x64.Build.0 = Debug|x64
		{EBB7665E-F056-4C88-BDDD-E9137C873E2E}.reckless 1 Debug|x86.ActiveCfg = Debug|Win32
		{EBB7665E-F056-4C88-BDDD-E9137C873E2E}.reckless 1 Debug|x86.Build.0 = Debug|Win32
		{EBB7665E-F056-4C88-BDDD-E9137C873E2E}.reckless 1 Release|x64.ActiveCfg = Release|x64
		{EBB7665E-F056-4C88-BDDD-E9137C873E2E}.reckless 1 Release|x64.Build.0 = Release|x64
		{EBB7665E-F056-4C88-BDDD-E9137C873E2E}.reckless 1 Release|x86.ActiveCfg = Release|Win32
		{EBB7665E-F056-4C88-BDDD-E9137C873E2E}.reckless 1 Release|x86.Build.0 = Release|Win32
		{EBB7665E-F056-4C88-BDDD-E9137C873E2E}.reckless 2 Debug|x64.ActiveCfg = Debug|x64
		{EBB7665E-F056-4C88-BDDD-E9137C873E2E}.reckless 2 Debug|x64.Build.0 = Debug|x64
		{EBB7665E-F056-4C88-BDDD-E9137C873E2E}.reckless 2 Debug|x86.ActiveCfg = Debug|Win32
		{EBB7665E-F056-4C88-BDDD-E9137C873E2E}.reckless 2 Debug|x86.Build.0 = Debug|Win32
		{EBB7665E-F056-4C88-BDDD-E9137C873E2E}.reckless 2 Release|x64.ActiveCfg = Release|x64
		{EBB7665E-F056-4C88-BDDD-E9137C873E2E}.reckless 2 Release|x64.Build.0 = Release|x64
		{EBB7665E-F056-4C88-BDDD-E9137C873E2E}.reckless 2 Release|x86.ActiveCfg = Release|Win32
		{EBB7665E-F056-4C88-BDDD-E9137C873E2E}.reckless 2 Release|x86.Build.0 = Release|Win32
		{EBB7665E-F056-4C88-BDDD-E9137C873E2E}.reckless 3 Debug|x64.ActiveCfg = Debug|x64
		{EBB7665E-F056-4C88-BDDD-E9137C873E2E}.reckless 3 Debug|x64.Build.0 = Debug|x64
		{EBB7665E-F056-4C88-BDDD-E9137C873E2E}.reckless 3 Debug|x86.ActiveCfg = Debug|Win32
		{EBB7665E-F056-4C88-BDDD-E9137C873E2E}.reckless 3 Debug|x86.Build.0 = Debug|Win32
		{EBB7665E-F056-4C88-BDDD-E9137C873E2E}.reckless 3 Release|x64.ActiveCfg = Release|x64
		{EBB7665E-F056-4C88-BDDD-E9137C873E2E}.reckless 3 Release|x64.Build.0 = Release|x64
		{EBB7665E-F056-4C88-BDDD-E9137C873E2E}.reckless 3 Release|x86.ActiveCfg = Release|Win32
		{EBB7665E-F056-4C88-BDDD-E9137C873E2E}.reckless 3 Release|x86.Build.0 = Release|Win32
		{EBB7665E-F056-4C88-BDDD-E9137C873E2E}.reckless 4 Debug|x64.ActiveCfg = Debug|x64
		{EBB7665E-F056-4C88-BDDD-E9137C873E2E}.reckless 4 Debug|x64.Build.0 = Debug|x64
		{EBB7665E-F056-4C88-BDDD-E9137C873E2E}.reckless 4 Debug|x86.ActiveCfg = Debug|Win32
		{EBB7665E-F056-4C88-BDDD-E9137C873E2E}.reckless 4 Debug|x86.Build.0 = Debug|Win32
		{EBB7665E-F056-4C88-BDDD-E9137C873E2E}.reckless 4 Release|x64.ActiveCfg = Release|x64
		{EBB7665E-F056-4C88-BDDD-E9137C873E2E}.reckless 4 Release|x64.Build.0 = Release|x64
		{EBB7665E-F056-4C88-BDDD-E9137C873E2E}.reckless 4 Release|x86.ActiveCfg = Release|Win32
		{EBB7665E-F056-4C88-BDDD-E9137C873E2E}.reckless 4 Release|x86.Build.0 = Release|Win32
		{EBB7665E-F056-4C88-BDDD-E9137C873E2E}.Release|x64.ActiveCfg = Release|x64
		{EBB7665E-F056-4C88-BDDD-E9137C873E2E}.Release|x64.Build.0 = Release|x64
		{EBB7665E-F056-4C88-BDDD-E9137C873E2E}.Release|x86.ActiveCfg = Release|Win32
		{EBB7665E-F056-4C88-BDDD-E9137C873E2E}.Release|x86.Build.0 = Release|Win32
		{755C00E4-0AA4-4AAE-97E8-562ADF62D365}.Debug|x64.ActiveCfg = Debug|x64
		{755C00E4-0AA4-4AAE-97E8-562ADF62D365}.Debug|x64.Build.0 = Debug|x64
		{755C00E4-0AA4-4AAE-97E8-562ADF62D365}.Debug|x86.ActiveCfg = Debug|Win32
		{755C00E4-0AA4-4AAE-97E8-562ADF62D365}.Debug|x86.Build.0 = Debug|Win32
		{755C00E4-0AA4-4AAE-97E8-562ADF62D365}.reckless 1 Debug|x64.ActiveCfg = Debug|x64
		{755C00E4-0AA4-4AAE-97E8-562ADF62D365}.reckless 1 Debug|x64.Build.0 = Debug|x64
		{755C00E4-0AA4-4AAE-97E8-562ADF62D365}.reckless 1 Debug|x86.ActiveCfg = Debug|Win32
		{755C00E4-0AA4-4AAE-97E8-562ADF62D365}.reckless 1 Debug|x86.Build.0 = Debug|Win32
		{755C00E4-0AA4-4AAE-97E8-562ADF62D365}.reckless 1 Release|x64.ActiveCfg = Release|x64
		{755C00E4-0AA4-4AAE-97E8-562ADF62D365}.reckless 1 Release|x64.Build.0 = Release|x64
		{755C00E4-0AA4-4AAE-97E8-562ADF62D365}.reckless 1 Release|x86.ActiveCfg = Release|Win32
		{755C00E4-0AA4-4AAE-97E8-562ADF62D365}.reckless 1 Release|x86.Build.0 = Release|Win32
		{755C00E4-0AA4-4AAE-97E8-562ADF62D365}.reckless 2 Debug|x64.ActiveCfg = Debug|x64
		{755C00E4-0AA4-4AAE-97E8-562ADF62D365}.reckless 2 Debug|x64.Build.0 = Debug|x64
		{755C00E4-0AA4-4AAE-97E8-562ADF62D365}.reckless 2 Debug|x86.ActiveCfg = Debug|Win32
		{755C00E4-0AA4-4AAE-97E8-562ADF62D365}.reckless 2 Debug|x86.Build.0 = Debug|Win32
		{755C00E4-0AA4-4AAE-97E8-562ADF62D365}.reckless 2 Release|x64.ActiveCfg = Release|x64
		{755C00E4-0AA4-4AAE-97E8-562ADF62D365}.reckless 2 Release|x64.Build.0 = Release|x64
		{755C00E4-0AA4-4AAE-97E8-562ADF62D365}.reckless 2 Release|x86.ActiveCfg = Release|Win32
		{755C00E4-0AA4-4AAE-97E8-562ADF62D365}.reckless 2 Release|x86.Build.0 = Release|Win32
		{755C00E4-0AA4-4AAE-97E8-562ADF62D365}.reckless 3 Debug|x64.ActiveCfg = Debug|x64
		{755C00E4-0AA4-4AAE-97E8-562ADF62D365}.reckless 3 Debug|x64.Build.0 = Debug|x64
		{755C00E4-0AA4-4AAE-97E8-562ADF62D365}.reckless 3 Debug|x86.ActiveCfg = Debug|Win32
		{755C00E4-0AA4-4AAE-97E8-562ADF62D365}.reckless 3 Debug|x86.Build.0 = Debug|Win32
		{755C00E4-0AA4-4AAE-97E8-562ADF62D365}.reckless 3 Release|x64.ActiveCfg = Release|x64
		{755C00E4-0AA4-4AAE-97E8-562ADF62D365}.reckless 3 Release|x64.Build.0 = Release|x64
		{755C00E4-0AA4-4AAE-97E8-562ADF62D365}.reckless 3 Release|x86.ActiveCfg = Release|Win32
		{755C00E4-0AA4-4AAE-97E8-562ADF62D365}.reckless 3 Release|x86.Build.0 = Release|Win32
		{755C00E4-0AA4-4AAE-97E8-562ADF62D365}.reckless 4 Debug|x64.ActiveCfg = Debug|x64
		{755C00E4-0AA4-4AAE-97E8-562ADF62D365}.reckless 4 Debug|x64.Build.0 = Debug|x64
		{755C00E4-0AA4-4AAE-97E8-562ADF62D365}.reckless 4 Debug|x86.ActiveCfg = Debug|Win32
		{755C00E4-0AA4-4AAE-97E8-562ADF62D365}.reckless 4 Debug|x86.Build.0 = Debug|Win32
		{755C00E4-0AA4-4AAE-97E8-562ADF62D365}.reckless 4 Release|x64.ActiveCfg = Release|x64
		{755C00E4-0AA4-4AAE-97E8-562ADF62D365}.reckless 4 Release|x64.Build.0 = Release|x64
		{755C00E4-0AA4-4AAE-97E8-562ADF62D365}.reckless 4 Release|x86.ActiveCfg = Release|Win32
		{755C00E4-0AA4-4AAE-97E8-562ADF62D365}.reckless 4 Release|x86.Build.0 = Release|Win32
		{755C00E4-0AA4-4AAE-97E8-562ADF62D365}.Release|x64.ActiveCfg = Release|x64
		{755C00E4-0AA4-4AAE-97E8-562ADF62D365}.Release|x64.Build.0 = Release|x64
		{755C00E4-0AA4-4AAE-97E8-562ADF62D365}.Release|x86.ActiveCfg = Release|Win32
		{755C00E4-0AA4-4AAE-97E8-562ADF62D365}.Release|x86.Build.0 = Release|Win32
		{660F9398-EEFE-4BE0-B876-45A0CA53F8D7}.Debug|x64.ActiveCfg = Debug|x64
		{660F9398-EEFE-4BE0-B876-45A0CA53F8D7}.Debug|x64.Build.0 = Debug|x64
		{660F9398-EEFE-4BE0-B876-45A0CA53F8D7}.Debug|x86.ActiveCfg = Debug|Win32
		{660F9398-EEFE-4BE0-B876-45A0CA53F8D7}.Debug|x86.Build.0 = Debug|Win32
		{660F9398-EEFE-4BE0-B876-45A0CA53F8D7}.reckless 1 Debug|x64.ActiveCfg = Debug|x64
		{660F9398-EEFE-4BE0-B876-45A0CA53F8D7}.reckless 1 Debug|x64.Build.0 = Debug|x64
		{660F9398-EEFE-4BE0-B876-45A0CA53F8D7}.reckless 1 Debug|x86.ActiveCfg = Debug|Win32
		{660F9398-EEFE-4BE0-B876-45A0CA53F8D7}.reckless 1 Debug|x86.Build.0 = Debug|Win32
		{660F9398-EEFE-4BE0-B876-45A0CA53F8D7}.reckless 1 Release|x64.ActiveCfg = Release|x64
		{660F9398-EEFE-4BE0-B876-45A0CA53F8D7}.reckless 1 Release|x64.Build.0 = Release|x64
		{660F9398-EEFE-4BE0-B876-45A0CA53F8D7}.reckless 1 Release|x86.ActiveCfg = Release|Win32
		{660F9398-EEFE-4BE0-B876-45A0CA53F8D7}.reckless 1 Release|x86.Build.0 = Release|Win32
		{660F9398-EEFE-4BE0-B876-45A0CA53F8D7}.reckless 2 Debug|x64.ActiveCfg = Debug|x64
		{660F9398-EEFE-4BE0-B876-45A0CA53F8D7}.reckless 2 Debug|x64.Build.0 = Debug|x64
		{660F9398-EEFE-4BE0-B876-45A0CA53F8D7}.reckless 2 Debug|x86.ActiveCfg = Debug|Win32
		{660F9398-EEFE-4BE0-B876-45A0CA53F8D7}.reckless 2 Debug|x86.Build.0 = Debug|Win32
		{660F9398-EEFE-4BE0-B876-45A0CA53F8D7}.reckless 2 Release|x64.ActiveCfg = Release|x64
		{660F9398-EEFE-4BE0-B876-45A0CA53F8D7}.reckless 2 Release|x64.Build.0 = Release|x64
		{660F9398-EEFE-4BE0-B876-45A0CA53F8D7}.reckless 2 Release|x86.ActiveCfg = Release|Win32
		{660F9398-EEFE-4BE0-B876-45A0CA53F8D7}.reckless 2 Release|x86.Build.0 = Release|Win32
		{660F9398-EEFE-4BE0-B876-45A0CA53F8D7}.reckless 3 Debug|x64.ActiveCfg = Debug|x64
		{660F9398-EEFE-4BE0-B876-45A0CA53F8D7}.reckless 3 Debug|x64.Build.0 = Debug|x64
		{660F9398-EEFE-4BE0-B876-45A0CA53F8D7}.reckless 3 Debug|x86.ActiveCfg = Debug|Win32
		{660F9398-EEFE-4BE0-B876-45A0CA53F8D7}.reckless 3 Debug|x86.Build.0 = Debug|Win32
		{660F9398-EEFE-4BE0-B876-45A0CA53F8D7}.reckless 3 Release|x64.ActiveCfg = Release|x64
		{660F9398-EEFE-4BE0-B876-45A0CA53F8D7}.reckless 3 Release|x64.Build.0 = Release|x64
		{660F9398-EEFE-4BE0-B876-45A0CA53F8D7}.reckless 3 Release|x86.ActiveCfg = Release|Win32
		{660F9398-EEFE-4BE0-B876-45A0CA53F8D7}.reckless 3 Release|x86.Build.0 = Release|Win32
		{660F9398-EEFE-4BE0-B876-45A0CA53F8D7}.reckless 4 Debug|x64.ActiveCfg = Debug|x64
		{660F9398-EEFE-4BE0-B876-45A0CA53F8D7}.reckless 4 Debug|x64.Build.0 = Debug|x64
		{660F9398-EEFE-4BE0-B876-45A0CA53F8D7}.reckless 4 Debug|x86.ActiveCfg = Debug|Win32
		{660F9398-EEFE-4BE0-B876-45A0CA53F8D7}.reckless 4 Debug|x86.Build.0 = Debug|Win32
		{660F9398-EEFE-4BE0-B876-45A0CA53F8D7}.reckless 4 Release|x64.ActiveCfg = Release|x64
		{660F9398-EEFE-4BE0-B876-45A0CA53F8D7}.reckless 4 Release|x64.Build.0 = Release|x64
		{660F9398-EEFE-4BE0-B876-45A0CA53F8D7}.reckless 4 Release|x86.ActiveCfg = Release|Win32
		{660F9398-EEFE-4BE0-B876-45A0CA53F8D7}.reckless 4 Release|x86.Build.0 = Release|Win32
		{660F9398-EEFE-4BE0-B876-45A0CA53F8D7}.Release|x64.ActiveCfg = Release|x64
		{660F9398-EEFE-4BE0-B876-45A0CA53F8D7}.Release|x64.Build.0 = Release|x64
		{660F9398-EEFE-4BE0-B876-45A0CA53F8D7}.Release|x86.ActiveCfg = Release|Win32
		{660F9398-EEFE-4BE0-B876-45A0CA53F8D7}.Release|x86.Build.0 = Release|Win32
		{60BA1990-CECE-4F52-A3D0-7BBC727B0BE4}.Debug|x64.ActiveCfg = reckless 1 Debug|x64
		{60BA1990-CECE-4F52-A3D0-7BBC727B0BE4}.Debug|x64.Build.0 = reckless 1 Debug|x64
		{60BA1990-CECE-4F52-A3D0-7BBC727B0BE4}.Debug|x86.ActiveCfg = reckless 1 Debug|Win32
		{60BA1990-CECE-4F52-A3D0-7BBC727B0BE4}.Debug|x86.Build.0 = reckless 1 Debug|Win32
		{60BA1990-CECE-4F52-A3D0-7BBC727B0BE4}.reckless 1 Debug|x64.ActiveCfg = reckless 1 Debug|x64
		{60BA1990-CECE-4F52-A3D0-7BBC727B0BE4}.reckless 1 Debug|x64.Build.0 = reckless 1 Debug|x64
		{60BA1990-CECE-4F52-A3D0-7BBC727B0BE4}.reckless 1 Debug|x86.ActiveCfg = reckless 1 Debug|Win32
		{60BA1990-CECE-4F52-A3D0-7BBC727B0BE4}.reckless 1 Debug|x86.Build.0 = reckless 1 Debug|Win32
		{60BA1990-CECE-4F52-A3D0-7BBC727B0BE4}.reckless 1 Release|x64.ActiveCfg = reckless 1 Release|x64
		{60BA1990-CECE-4F52-A3D0-7BBC727B0BE4}.reckless 1 Release|x64.Build.0 = reckless 1 Release|x64
		{60BA1990-CECE-4F52-A3D0-7BBC727B0BE4}.reckless 1 Release|x86.ActiveCfg = reckless 1 Release|Win32
		{60BA1990-CECE-4F52-A3D0-7BBC727B0BE4}.reckless 1 Release|x86.Build.0 = reckless 1 Release|Win32
		{60BA1990-CECE-4F52-A3D0-7BBC727B0BE4}.reckless 2 Debug|x64.ActiveCfg = reckless 2 Debug|x64
		{60BA1990-CECE-4F52-A3D0-7BBC727B0BE4}.reckless 2 Debug|x64.Build.0 = reckless 2 Debug|x64
		{60BA1990-CECE-4F52-A3D0-7BBC727B0BE4}.reckless 2 Debug|x86.ActiveCfg = reckless 2 Debug|Win32
		{60BA1990-CECE-4F52-A3D0-7BBC727B0BE4}.reckless 2 Debug|x86.Build.0 = reckless 2 Debug|Win32
		{60BA1990-CECE-4F52-A3D0-7BBC727B0BE4}.reckless 2 Release|x64.ActiveCfg = reckless 2 Release|x64
		{60BA1990-CECE-4F52-A3D0-7BBC727B0BE4}.reckless 2 Release|x64.Build.0 = reckless 2 Release|x64
		{60BA1990-CECE-4F52-A3D0-7BBC727B0BE4}.reckless 2 Release|x86.ActiveCfg = reckless 2 Release|Win32
		{60BA1990-CECE-4F52-A3D0-7BBC727B0BE4}.reckless 2 Release|x86.Build.0 = reckless 2 Release|Win32
		{60BA1990-CECE-4F52-A3D0-7BBC727B0BE4}.reckless 3 Debug|x64.ActiveCfg = reckless 3 Debug|x64
		{60BA1990-CECE-4F52-A3D0-7BBC727B0BE4}.reckless 3 Debug|x64.Build.0 = reckless 3 Debug|x64
		{60BA1990-CECE-4F52-A3D0-7BBC727B0BE4}.reckless 3 Debug|x86.ActiveCfg = reckless 3 Debug|Win32
		{60BA1990-CECE-4F52-A3D0-7BBC727B0BE4}.reckless 3 Debug|x86.Build.0 = reckless 3 Debug|Win32
		{60BA1990-CECE-4F52-A3D0-7BBC727B0BE4}.reckless 3 Release|x64.ActiveCfg = reckless 3 Release|x64
		{60BA1990-CECE-4F52-A3D0-7BBC727B0BE4}.reckless 3 Release|x64.Build.0 = reckless 3 Release|x64
		{60BA1990-CECE-4F52-A3D0-7BBC727B0BE4}.reckless 3 Release|x86.ActiveCfg = reckless 3 Release|Win32
		{60BA1990-CECE-4F52-A3D0-7BBC727B0BE4}.reckless 3 Release|x86.Build.0 = reckless 3 Release|Win32
		{60BA1990-CECE-4F52-A3D0-7BBC727B0BE4}.reckless 4 Debug|x64.ActiveCfg = reckless 4 Debug|x64
		{60BA1990-CECE-4F52-A3D0-7BBC727B0BE4}.reckless 4 Debug|x64.Build.0 = reckless 4 Debug|x64
		{60BA1990-CECE-4F52-A3D0-7BBC727B0BE4}.reckless 4 Debug|x86.ActiveCfg = reckless 4 Debug|Win32
		{60BA1990-CECE-4F52-A3D0-7BBC727B0BE4}.reckless 4 Debug|x86.Build.0 = reckless 4 Debug|Win32
		{60BA1990-CECE-4F52-A3D0-7BBC727B0BE4}.reckless 4 Release|x64.ActiveCfg = reckless 4 Release|x64
		{60BA1990-CECE-4F52-A3D0-7BBC727B0BE4}.reckless 4 Release|x64.Build.0 = reckless 4 Release|x64
		{60BA1990-CECE-4F52-A3D0-7BBC727B0BE4}.reckless 4 Release|x86.ActiveCfg = reckless 4 Release|Win32
		{60BA1990-CECE-4F52-A3D0-7BBC727B0BE4}.reckless 4 Release|x86.Build.0 = reckless 4 Release|Win32
		{60BA1990-CECE-4F52-A3D0-7BBC727B0BE4}.Release|x64.ActiveCfg = reckless 4 Release|x64
		{60BA1990-CECE-4F52-A3D0-7BBC727B0BE4}.Release|x64.Build.0 = reckless 4 Release|x64
		{60BA1990-CECE-4F52-A3D0-7BBC727B0BE4}.Release|x86.ActiveCfg = reckless 1 Release|Win32
		{60BA1990-CECE-4F52-A3D0-7BBC727B0BE4}.Release|x86.Build.0 = reckless 1 Release|Win32
		{C6F8B8E5-708B-4245-B376-5AFDF2610904}.Debug|x64.ActiveCfg = reckless 3 Debug|x64
		{C6F8B8E5-708B-4245-B376-5AFDF2610904}.Debug|x64.Build.0 = reckless 3 Debug|x64
		{C6F8B8E5-708B-4245-B376-5AFDF2610904}.Debug|x86.ActiveCfg = reckless 3 Debug|Win32
		{C6F8B8E5-708B-4245-B376-5AFDF2610904}.Debug|x86.Build.0 = reckless 3 Debug|Win32
		{C6F8B8E5-708B-4245-B376-5AFDF2610904}.reckless 1 Debug|x64.ActiveCfg = reckless 1 Debug|x64
		{C6F8B8E5-708B-4245-B376-5AFDF2610904}.reckless 1 Debug|x64.Build.0 = reckless 1 Debug|x64
		{C6F8B8E5-708B-4245-B376-5AFDF2610904}.reckless 1 Debug|x86.ActiveCfg = reckless 1 Debug|Win32
		{C6F8B8E5-708B-4245-B376-5AFDF2610904}.reckless 1 Debug|x86.Build.0 = reckless 1 Debug|Win32
		{C6F8B8E5-708B-4245-B376-5AFDF2610904}.reckless 1 Release|x64.ActiveCfg = reckless 1 Release|x64
		{C6F8B8E5-708B-4245-B376-5AFDF2610904}.reckless 1 Release|x64.Build.0 = reckless 1 Release|x64
		{C6F8B8E5-708B-4245-B376-5AFDF2610904}.reckless 1 Release|x86.ActiveCfg = reckless 1 Release|Win32
		{C6F8B8E5-708B-4245-B376-5AFDF2610904}.reckless 1 Release|x86.Build.0 = reckless 1 Release|Win32
		{C6F8B8E5-708B-4245-B376-5AFDF2610904}.reckless 2 Debug|x64.ActiveCfg = reckless 2 Debug|x64
		{C6F8B8E5-708B-4245-B376-5AFDF2610904}.reckless 2 Debug|x64.Build.0 = reckless 2 Debug|x64
		{C6F8B8E5-708B-4245-B376-5AFDF2610904}.reckless 2 Debug|x86.ActiveCfg = reckless 2 Debug|Win32
		{C6F8B8E5-708B-4245-B376-5AFDF2610904}.reckless 2 Debug|x86.Build.0 = reckless 2 Debug|Win32
		{C6F8B8E5-708B-4245-B376-5AFDF2610904}.reckless 2 Release|x64.ActiveCfg = reckless 2 Release|x64
		{C6F8B8E5-708B-4245-B376-5AFDF2610904}.reckless 2 Release|x64.Build.0 = reckless 2 Release|x64
		{C6F8B8E5-708B-4245-B376-5AFDF2610904}.reckless 2 Release|x86.ActiveCfg = reckless 2 Release|Win32
		{C6F8B8E5-708B-4245-B376-5AFDF2610904}.reckless 2 Release|x86.Build.0 = reckless 2 Release|Win32
		{C6F8B8E5-708B-4245-B376-5AFDF2610904}.reckless 3 Debug|x64.ActiveCfg = reckless 3 Debug|x64
		{C6F8B8E5-708B-4245-B376-5AFDF2610904}.reckless 3 Debug|x64.Build.0 = reckless 3 Debug|x64
		{C6F8B8E5-708B-4245-B376-5AFDF2610904}.reckless 3 Debug|x86.ActiveCfg = reckless 3 Debug|Win32
		{C6F8B8E5-708B-4245-B376-5AFDF2610904}.reckless 3 Debug|x86.Build.0 = reckless 3 Debug|Win32
		{C6F8B8E5-708B-4245-B376-5AFDF2610904}.reckless 3 Release|x64.ActiveCfg = reckless 3 Release|x64
		{C6F8B8E5-708B-4245-B376-5AFDF2610904}.reckless 3 Release|x64.Build.0 = reckless 3 Release|x64
		{C6F8B8E5-708B-4245-B376-5AFDF2610904}.reckless 3 Release|x86.ActiveCfg = reckless 3 Release|Win32
		{C6F8B8E5-708B-4245-B376-5AFDF2610904}.reckless 3 Release|x86.Build.0 = reckless 3 Release|Win32
		{C6F8B8E5-708B-4245-B376-5AFDF2610904}.reckless 4 Debug|x64.ActiveCfg = reckless 4 Debug|x64
		{C6F8B8E5-708B-4245-B376-5AFDF2610904}.reckless 4 Debug|x64.Build.0 = reckless 4 Debug|x64
		{C6F8B8E5-708B-4245-B376-5AFDF2610904}.reckless 4 Debug|x86.ActiveCfg = reckless 4 Debug|Win32
		{C6F8B8E5-708B-4245-B376-5AFDF2610904}.reckless 4 Debug|x86.Build.0 = reckless 4 Debug|Win32
		{C6F8B8E5-708B-4245-B376-5AFDF2610904}.reckless 4 Release|x64.ActiveCfg = reckless 4 Release|x64
		{C6F8B8E5-708B-4245-B376-5AFDF2610904}.reckless 4 Release|x64.Build.0 = reckless 4 Release|x64
		{C6F8B8E5-708B-4245-B376-5AFDF2610904}.reckless 4 Release|x86.ActiveCfg = reckless 4 Release|Win32
		{C6F8B8E5-708B-4245-B376-5AFDF2610904}.reckless 4 Release|x86.Build.0 = reckless 4 Release|Win32
		{C6F8B8E5-708B-4245-B376-5AFDF2610904}.Release|x64.ActiveCfg = reckless 3 Release|x64
		{C6F8B8E5-708B-4245-B376-5AFDF2610904}.Release|x64.Build.0 = reckless 3 Release|x64
		{C6F8B8E5-708B-4245-B376-5AFDF2610904}.Release|x86.ActiveCfg = reckless 3 Release|Win32
		{C6F8B8E5-708B-4245-B376-5AFDF2610904}.Release|x86.Build.0 = reckless 3 Release|Win32
		{04471B5D-720A-4502-B17A-7B086E0C746F}.Debug|x64.ActiveCfg = Debug|x64
		{04471B5D-720A-4502-B17A-7B086E0C746F}.Debug|x64.Build.0 = Debug|x64
		{04471B5D-720A-4502-B17A-7B086E0C746F}.Debug|x86.ActiveCfg = Debug|Win32
		{04471B5D-720A-4502-B17A-7B086E0C746F}.Debug|x86.Build.0 = Debug|Win32
		{04471B5D-720A-4502-B17A-7B086E0C746F}.reckless 1 Debug|x64.ActiveCfg = Debug|x64
		{04471B5D-720A-4502-B17A-7B086E0C746F}.reckless 1 Debug|x64.Build.0 = Debug|x64
		{04471B5D-720A-4502-B17A-7B086E0C746F}.reckless 1 Debug|x86.ActiveCfg = Debug|Win32
		{04471B5D-720A-4502-B17A-7B086E0C746F}.reckless 1 Debug|x86.Build.0 = Debug|Win32
		{04471B5D-720A-4502-B17A-7B086E0C746F}.reckless 1 Release|x64.ActiveCfg = Release|x64
		{04471B5D-720A-4502-B17A-7B086E0C746F}.reckless 1 Release|x64.Build.0 = Release|x64
		{04471B5D-720A-4502-B17A-7B086E0C746F}.reckless 1 Release|x86.ActiveCfg = Release|Win32
		{04471B5D-720A-4502-B17A-7B086E0C746F}.reckless 1 Release|x86.Build.0 = Release|Win32
		{04471B5D-720A-4502-B17A-7B086E0C746F}.reckless 2 Debug|x64.ActiveCfg = Debug|x64
		{04471B5D-720A-4502-B17A-7B086E0C746F}.reckless 2 Debug|x64.Build.0 = Debug|x64
		{04471B5D-720A-4502-B17A-7B086E0C746F}.reckless 2 Debug|x86.ActiveCfg = Debug|Win32
		{04471B5D-720A-4502-B17A-7B086E0C746F}.reckless 2 Debug|x86.Build.0 = Debug|Win32
		{04471B5D-720A-4502-B17A-7B086E0C746F}.reckless 2 Release|x64.ActiveCfg = Release|x64
		{04471B5D-720A-4502-B17A-7B086E0C746F}.reckless 2 Release|x64.Build.0 = Release|x64
		{04471B5D-720A-4502-B17A-7B086E0C746F}.reckless 2 Release|x86.ActiveCfg = Release|Win32
		{04471B5D-720A-4502-B17A-7B086E0C746F}.reckless 2 Release|x86.Build.0 = Release|Win32
		{04471B5D-720A-4502-B17A-7B086E0C746F}.reckless 3 Debug|x64.ActiveCfg = Debug|x64
		{04471B5D-720A-4502-B17A-7B086E0C746F}.reckless 3 Debug|x64.Build.0 = Debug|x64
		{04471B5D-720A-4502-B17A-7B086E0C746F}.reckless 3 Debug|x86.ActiveCfg = Debug|Win32
		{04471B5D-720A-4502-B17A-7B086E0C746F}.reckless 3 Debug|x86.Build.0 = Debug|Win32
		{04471B5D-720A-4502-B17A-7B086E0C746F}.reckless 3 Release|x64.ActiveCfg = Release|x64
		{04471B5D-720A-4502-B17A-7B086E0C746F}.reckless 3 Release|x64.Build.0 = Release|x64
		{04471B5D-720A-4502-B17A-7B086E0C746F}.reckless 3 Release|x86.ActiveCfg = Release|Win32
		{04471B5D-720A-4502-B17A-7B086E0C746F}.reckless 3 Release|x86.Build.0 = Release|Win32
		{04471B5D-720A-4502-B17A-7B086E0C746F}.reckless 4 Debug|x64.ActiveCfg = Debug|x64
		{04471B5D-720A-4502-B17A-7B086E0C746F}.reckless 4 Debug|x64.Build.0 = Debug|x64
		{04471B5D-720A-4502-B17A-7B086E0C746F}.reckless 4 Debug|x86.ActiveCfg = Debug|Win32
		{04471B5D-720A-4502-B17A-7B086E0C746F}.reckless 4 Debug|x86.Build.0 = Debug|Win32
		{04471B5D-720A-4502-B17A-7B086E0C746F}.reckless 4 Release|x64.ActiveCfg = Release|x64
		{04471B5D-720A-4502-B17A-7B086E0C746F}.reckless 4 Release|x64.Build.0 = Release|x64
		{04471B5D-720A-4502-B17A-7B086E0C746F}.reckless 4 Release|x86.ActiveCfg = Release|Win32
		{04471B5D-720A-4502-B17A-7B086E0C746F}.reckless 4 Release|x86.Build.0 = Release|Win32
		{04471B5D-720A-4502-B17A-7B086E0C746F}.Release|x64.ActiveCfg = Release|x64
		{04471B5D-720A-4502-B17A-7B086E0C746F}.Release|x64.Build.0 = Release|x64
		{04471B5D-720A-4502-B17A-7B086E0C746F}.Release|x86.ActiveCfg = Release|Win32
		{04471B5D-720A-4502-B17A-7B086E0C746F}.Release|x86.Build.0 = Release|Win32
		{72E95B9E-5DAF-4484-B399-ADD6DFBA1580}.Debug|x64.ActiveCfg = Debug|x64
		{72E95B9E-5DAF-4484-B399-ADD6DFBA1580}.Debug|x64.Build.0 = Debug|x64
		{72E95B9E-5DAF-4484-B399-ADD6DFBA1580}.Debug|x86.ActiveCfg = Debug|Win32
		{72E95B9E-5DAF-4484-B399-ADD6DFBA1580}.Debug|x86.Build.0 = Debug|Win32
		{72E95B9E-5DAF-4484-B399-ADD6DFBA1580}.reckless 1 Debug|x64.ActiveCfg = Debug|x64
		{72E95B9E-5DAF-4484-B399-ADD6DFBA1580}.reckless 1 Debug|x64.Build.0 = Debug|x64
		{72E95B9E-5DAF-4484-B399-ADD6DFBA1580}.reckless 1 Debug|x86.ActiveCfg = Debug|Win32
		{72E95B9E-5DAF-4484-B399-ADD6DFBA1580}.reckless 1 Debug|x86.Build.0 = Debug|Win32
		{72E95B9E-5DAF-4484-B399-ADD6DFBA1580}.reckless 1 Release|x64.ActiveCfg = Release|x64
		{72E95B9E-5DAF-4484-B399-ADD6DFBA1580}.reckless 1 Release|x64.Build.0 = Release|x64
		{72E95B9E-5DAF-4484-B399-ADD6DFBA1580}.reckless 1 Release|x86.ActiveCfg = Release|Win32
		{72E95B9E-5DAF-4484-B399-ADD6DFBA1580}.reckless 1 Release|x86.Build.0 = Release|Win32
		{72E95B9E-5DAF-4484-B399-ADD6DFBA1580}.reckless 2 Debug|x64.ActiveCfg = Debug|x64
		{72E95B9E-5DAF-4484-B399-ADD6DFBA1580}.reckless 2 Debug|x64.Build.0 = Debug|x64
		{72E95B9E-5DAF-4484-B399-ADD6DFBA1580}.reckless 2 Debug|x86.ActiveCfg = Debug|Win32
		{72E95B9E-5DAF-4484-B399-ADD6DFBA1580}.reckless 2 Debug|x86.Build.0 = Debug|Win32
		{72E95B9E-5DAF-4484-B399-ADD6DFBA1580}.reckless 2 Release|x64.ActiveCfg = Release|x64
		{72E95B9E-5DAF-4484-B399-ADD6DFBA1580}.reckless 2 Release|x64.Build.0 = Release|x64
		{72E95B9E-5DAF-4484-B399-ADD6DFBA1580}.reckless 2 Release|x86.ActiveCfg = Release|Win32
		{72E95B9E-5DAF-4484-B399-ADD6DFBA1580}.reckless 2 Release|x86.Build.0 = Release|Win32
		{72E95B9E-5DAF-4484-B399-ADD6DFBA1580}.reckless 3 Debug|x64.ActiveCfg = Debug|x64
		{72E95B9E-5DAF-4484-B399-ADD6DFBA1580}.reckless 3 Debug|x64.Build.0 = Debug|x64
		{72E95B9E-5DAF-4484-B399-ADD6DFBA1580}.reckless 3 Debug|x86.ActiveCfg = Debug|Win32
		{72E95B9E-5DAF-4484-B399-ADD6DFBA1580}.reckless 3 Debug|x86.Build.0 = Debug|Win32
		{72E95B9E-5DAF-4484-B399-ADD6DFBA1580}.reckless 3 Release|x64.ActiveCfg = Release|x64
		{72E95B9E-5DAF-4484-B399-ADD6DFBA1580}.reckless 3 Release|x64.Build.0 = Release|x64
		{72E95B9E-5DAF-4484-B399-ADD6DFBA1580}.reckless 3 Release|x86.ActiveCfg = Release|Win32
		{72E95B9E-5DAF-4484-B399-ADD6DFBA1580}.reckless 3 Release|x86.Build.0 = Release|Win32
		{72E95B9E-5DAF-4484-B399-ADD6DFBA1580}.reckless 4 Debug|x64.ActiveCfg = Debug|x64
		{72E95B9E-5DAF-4484-B399-ADD6DFBA1580}.reckless 4 Debug|x64.Build.0 = Debug|x64
		{72E95B9E-5DAF-4484-B399-ADD6DFBA1580}.reckless 4 Debug|x86.ActiveCfg = Debug|Win32
		{72E95B9E-5DAF-4484-B399-ADD6DFBA1580}.reckless 4 Debug|x86.Build.0 = Debug|Win32
		{72E95B9E-5DAF-4484-B399-ADD6DFBA1580}.reckless 4 Release|x64.ActiveCfg = Release|x64
		{72E95B9E-5DAF-4484-B399-ADD6DFBA1580}.reckless 4 Release|x64.Build.0 = Release|x64
		{72E95B9E-5DAF-4484-B399-ADD6DFBA1580}.reckless 4 Release|x86.ActiveCfg = Release|Win32
		{72E95B9E-5DAF-4484-B399-ADD6DFBA1580}.reckless 4 Release|x86.Build.0 = Release|Win32
		{72E95B9E-5DAF-4484-B399-ADD6DFBA1580}.Release|x64.ActiveCfg = Release|x64
		{72E95B9E-5DAF-4484-B399-ADD6DFBA1580}.Release|x64.Build.0 = Release|x64
		{72E95B9E-5DAF-4484-B399-ADD6DFBA1580}.Release|x86.ActiveCfg = Release|Win32
		{72E95B9E-5DAF-4484-B399-ADD6DFBA1580}.Release|x86.Build.0 = Release|Win32
	EndGlobalSection
	GlobalSection(SolutionProperties) = preSolution
		HideSolutionNode = FALSE
	EndGlobalSection
	GlobalSection(NestedProjects) = preSolution
		{3BDD683D-3B0B-4335-AF2A-86F203546B7E} = {6059234A-DADE-4B5A-8207-C43C557F096B}
		{323CC550-DE87-4ABB-ABBF-9567B424012D} = {6059234A-DADE-4B5A-8207-C43C557F096B}
		{739D0E22-B02F-476A-8667-432F08AFF809} = {6059234A-DADE-4B5A-8207-C43C557F096B}
		{654EABD2-1CD0-41D5-85B3-2C727770D0FA} = {8EE386EA-49AE-4DF1-BD50-6A28ED0FDD56}
		{B270E86E-A503-4159-9620-CF95B0E2C7F4} = {8EE386EA-49AE-4DF1-BD50-6A28ED0FDD56}
		{C02F7537-CB77-4646-94B6-4922E6651CA3} = {8EE386EA-49AE-4DF1-BD50-6A28ED0FDD56}
		{9DDEFDA0-2BCD-4A45-B3F9-EC067F04590B} = {8EE386EA-49AE-4DF1-BD50-6A28ED0FDD56}
		{6F10F46C-EA37-40F8-815C-DA28B42BEBB9} = {8EE386EA-49AE-4DF1-BD50-6A28ED0FDD56}
		{EBB7665E-F056-4C88-BDDD-E9137C873E2E} = {8EE386EA-49AE-4DF1-BD50-6A28ED0FDD56}
		{755C00E4-0AA4-4AAE-97E8-562ADF62D365} = {8EE386EA-49AE-4DF1-BD50-6A28ED0FDD56}
		{660F9398-EEFE-4BE0-B876-45A0CA53F8D7} = {8EE386EA-49AE-4DF1-BD50-6A28ED0FDD56}
		{60BA1990-CECE-4F52-A3D0-7BBC727B0BE4} = {F1E6BB64-BB54-4AF1-84FC-C3D20E2C202D}
		{C6F8B8E5-708B-4245-B376-5AFDF2610904} = {F1E6BB64-BB54-4AF1-84FC-C3D20E2C202D}
		{72E95B9E-5DAF-4484-B399-ADD6DFBA1580} = {6059234A-DADE-4B5A-8207-C43C557F096B}
	EndGlobalSection
	GlobalSection(ExtensibilityGlobals) = postSolution
		SolutionGuid = {FCEAFD33-DF09-4EEA-9983-67CE42E96FFB}
	EndGlobalSection
EndGlobal
