<?xml version="1.0" encoding="utf-8"?>
<Project ToolsVersion="4.0" xmlns="http://schemas.microsoft.com/developer/msbuild/2003">
  <ItemGroup>
    <Filter Include="src">
      <UniqueIdentifier>{08b48fcd-d077-4af6-99cc-a8dfc9984128}</UniqueIdentifier>
    </Filter>
    <Filter Include="include">
      <UniqueIdentifier>{beb6e500-d408-4b09-b7af-a34078699ec6}</UniqueIdentifier>
    </Filter>
    <Filter Include="include\detail">
      <UniqueIdentifier>{2b8826c3-7e16-4786-b32d-76e9620bfc81}</UniqueIdentifier>
    </Filter>
  </ItemGroup>
  <ItemGroup>
    <ClCompile Include="..\reckless\src\basic_log.cpp">
      <Filter>src</Filter>
    </ClCompile>
    <ClCompile Include="..\reckless\src\crash_handler.cpp">
      <Filter>src</Filter>
    </ClCompile>
    <ClCompile Include="..\reckless\src\file_writer.cpp">
      <Filter>src</Filter>
    </ClCompile>
    <ClCompile Include="..\reckless\src\mpsc_ring_buffer.cpp">
      <Filter>src</Filter>
    </ClCompile>
    <ClCompile Include="..\reckless\src\ntoa.cpp">
      <Filter>src</Filter>
    </ClCompile>
    <ClCompile Include="..\reckless\src\output_buffer.cpp">
      <Filter>src</Filter>
    </ClCompile>
    <ClCompile Include="..\reckless\src\policy_log.cpp">
      <Filter>src</Filter>
    </ClCompile>
    <ClCompile Include="..\reckless\src\template_formatter.cpp">
      <Filter>src</Filter>
    </ClCompile>
    <ClCompile Include="..\reckless\src\writer.cpp">
      <Filter>src</Filter>
    </ClCompile>
    <ClCompile Include="..\reckless\src\platform.cpp">
      <Filter>src</Filter>
    </ClCompile>
  </ItemGroup>
  <ItemGroup>
    <ClInclude Include="..\reckless\src\unit_test.hpp">
      <Filter>src</Filter>
    </ClInclude>
    <ClInclude Include="..\reckless\include\reckless\basic_log.hpp">
      <Filter>include</Filter>
    </ClInclude>
    <ClInclude Include="..\reckless\include\reckless\crash_handler.hpp">
      <Filter>include</Filter>
    </ClInclude>
    <ClInclude Include="..\reckless\include\reckless\file_writer.hpp">
      <Filter>include</Filter>
    </ClInclude>
    <ClInclude Include="..\reckless\include\reckless\ntoa.hpp">
      <Filter>include</Filter>
    </ClInclude>
    <ClInclude Include="..\reckless\include\reckless\output_buffer.hpp">
      <Filter>include</Filter>
    </ClInclude>
    <ClInclude Include="..\reckless\include\reckless\policy_log.hpp">
      <Filter>include</Filter>
    </ClInclude>
    <ClInclude Include="..\reckless\include\reckless\severity_log.hpp">
      <Filter>include</Filter>
    </ClInclude>
    <ClInclude Include="..\reckless\include\reckless\template_formatter.hpp">
      <Filter>include</Filter>
    </ClInclude>
    <ClInclude Include="..\reckless\include\reckless\writer.hpp">
      <Filter>include</Filter>
    </ClInclude>
    <ClInclude Include="..\reckless\include\reckless\detail\mpsc_ring_buffer.hpp">
      <Filter>include\detail</Filter>
    </ClInclude>
    <ClInclude Include="..\reckless\include\reckless\detail\optional.hpp">
      <Filter>include\detail</Filter>
    </ClInclude>
    <ClInclude Include="..\reckless\include\reckless\detail\spsc_event.hpp">
      <Filter>include\detail</Filter>
    </ClInclude>
    <ClInclude Include="..\reckless\include\reckless\detail\utility.hpp">
      <Filter>include\detail</Filter>
    </ClInclude>
    <ClInclude Include="..\reckless\include\reckless\detail\platform.hpp">
      <Filter>include\detail</Filter>
    </ClInclude>
  </ItemGroup>
</Project>